// !$*UTF8*$!
{
	archiveVersion = 1;
	classes = {
	};
	objectVersion = 50;
	objects = {

/* Begin PBXBuildFile section */
		326E1C8623C53FD10007D826 /* README.md in Resources */ = {isa = PBXBuildFile; fileRef = 326E1C8523C53FD10007D826 /* README.md */; };
		326E1C9123C6D1610007D826 /* CTBlockDescription.m in Sources */ = {isa = PBXBuildFile; fileRef = 326E1C9023C6D1610007D826 /* CTBlockDescription.m */; };
		32F79BC0235F818100489C53 /* FindProcess.m in Sources */ = {isa = PBXBuildFile; fileRef = 32F79BB8235F818100489C53 /* FindProcess.m */; };
		32F79BC1235F818100489C53 /* Makefile in Sources */ = {isa = PBXBuildFile; fileRef = 32F79BBA235F818100489C53 /* Makefile */; };
		32F79BC2235F818100489C53 /* make.sh in Resources */ = {isa = PBXBuildFile; fileRef = 32F79BBB235F818100489C53 /* make.sh */; };
		32F79BC3235F818100489C53 /* NSObject+CD.m in Sources */ = {isa = PBXBuildFile; fileRef = 32F79BBC235F818100489C53 /* NSObject+CD.m */; };
		32F79BC4235F818100489C53 /* Breezy.xm in Resources */ = {isa = PBXBuildFile; fileRef = 32F79BBD235F818100489C53 /* Breezy.xm */; };
		32F79BC5235F818100489C53 /* Breezy.plist in Resources */ = {isa = PBXBuildFile; fileRef = 32F79BBF235F818100489C53 /* Breezy.plist */; };
		32F79C0A235F81AE00489C53 /* SVIndefiniteAnimatedView.m in Sources */ = {isa = PBXBuildFile; fileRef = 32F79C05235F81AE00489C53 /* SVIndefiniteAnimatedView.m */; };
		32F79C0B235F81AE00489C53 /* SVProgressHUD.m in Sources */ = {isa = PBXBuildFile; fileRef = 32F79C07235F81AE00489C53 /* SVProgressHUD.m */; };
		32F79C0C235F81AE00489C53 /* SVRadialGradientLayer.m in Sources */ = {isa = PBXBuildFile; fileRef = 32F79C09235F81AE00489C53 /* SVRadialGradientLayer.m */; };
/* End PBXBuildFile section */

/* Begin PBXFileReference section */
		323DEA6923C4038C0074A8AE /* PBContentPresentingContainmentViewController.h */ = {isa = PBXFileReference; lastKnownFileType = sourcecode.c.h; path = PBContentPresentingContainmentViewController.h; sourceTree = "<group>"; };
		323DEA6A23C4038C0074A8AE /* PBSystemOverlayContentDelegate.h */ = {isa = PBXFileReference; lastKnownFileType = sourcecode.c.h; path = PBSystemOverlayContentDelegate.h; sourceTree = "<group>"; };
		323DEA6C23C4038C0074A8AE /* LSApplicationProxy.h */ = {isa = PBXFileReference; lastKnownFileType = sourcecode.c.h; path = LSApplicationProxy.h; sourceTree = "<group>"; };
		323DEA6D23C4038C0074A8AE /* LSApplicationRestrictionsManager.h */ = {isa = PBXFileReference; lastKnownFileType = sourcecode.c.h; path = LSApplicationRestrictionsManager.h; sourceTree = "<group>"; };
		323DEA6E23C4038C0074A8AE /* LSApplicationWorkspace.h */ = {isa = PBXFileReference; lastKnownFileType = sourcecode.c.h; path = LSApplicationWorkspace.h; sourceTree = "<group>"; };
		323DEA6F23C4038C0074A8AE /* LSApplicationWorkspaceObserver.h */ = {isa = PBXFileReference; lastKnownFileType = sourcecode.c.h; path = LSApplicationWorkspaceObserver.h; sourceTree = "<group>"; };
		323DEA7023C4038C0074A8AE /* LSApplicationWorkspaceObserverProtocol.h */ = {isa = PBXFileReference; lastKnownFileType = sourcecode.c.h; path = LSApplicationWorkspaceObserverProtocol.h; sourceTree = "<group>"; };
		323DEA7123C4038C0074A8AE /* LSApplicationWorkspaceRemoteObserver.h */ = {isa = PBXFileReference; lastKnownFileType = sourcecode.c.h; path = LSApplicationWorkspaceRemoteObserver.h; sourceTree = "<group>"; };
		323DEA7223C4038C0074A8AE /* LSAppLink.h */ = {isa = PBXFileReference; lastKnownFileType = sourcecode.c.h; path = LSAppLink.h; sourceTree = "<group>"; };
		323DEA7323C4038C0074A8AE /* LSBundleInfoCachedValues.h */ = {isa = PBXFileReference; lastKnownFileType = sourcecode.c.h; path = LSBundleInfoCachedValues.h; sourceTree = "<group>"; };
		323DEA7423C4038C0074A8AE /* LSBundleProxy.h */ = {isa = PBXFileReference; lastKnownFileType = sourcecode.c.h; path = LSBundleProxy.h; sourceTree = "<group>"; };
		323DEA7523C4038C0074A8AE /* LSBundleRecordBuilder.h */ = {isa = PBXFileReference; lastKnownFileType = sourcecode.c.h; path = LSBundleRecordBuilder.h; sourceTree = "<group>"; };
		323DEA7623C4038C0074A8AE /* LSBundleRecordUpdater.h */ = {isa = PBXFileReference; lastKnownFileType = sourcecode.c.h; path = LSBundleRecordUpdater.h; sourceTree = "<group>"; };
		323DEA7723C4038C0074A8AE /* LSDatabaseBuilder.h */ = {isa = PBXFileReference; lastKnownFileType = sourcecode.c.h; path = LSDatabaseBuilder.h; sourceTree = "<group>"; };
		323DEA7923C4038C0074A8AE /* MCMAppContainer.h */ = {isa = PBXFileReference; lastKnownFileType = sourcecode.c.h; path = MCMAppContainer.h; sourceTree = "<group>"; };
		323DEA7A23C4038C0074A8AE /* MCMAppDataContainer.h */ = {isa = PBXFileReference; lastKnownFileType = sourcecode.c.h; path = MCMAppDataContainer.h; sourceTree = "<group>"; };
		323DEA7B23C4038C0074A8AE /* MCMContainer.h */ = {isa = PBXFileReference; lastKnownFileType = sourcecode.c.h; path = MCMContainer.h; sourceTree = "<group>"; };
		323DEA7C23C4038C0074A8AE /* MCMContainerManager.h */ = {isa = PBXFileReference; lastKnownFileType = sourcecode.c.h; path = MCMContainerManager.h; sourceTree = "<group>"; };
		323DEA7D23C4038C0074A8AE /* MCMDataContainer.h */ = {isa = PBXFileReference; lastKnownFileType = sourcecode.c.h; path = MCMDataContainer.h; sourceTree = "<group>"; };
		323DEA7E23C4038C0074A8AE /* MCMFrameworkContainer.h */ = {isa = PBXFileReference; lastKnownFileType = sourcecode.c.h; path = MCMFrameworkContainer.h; sourceTree = "<group>"; };
		323DEA7F23C4038C0074A8AE /* MCMInternalDaemonDataContainer.h */ = {isa = PBXFileReference; lastKnownFileType = sourcecode.c.h; path = MCMInternalDaemonDataContainer.h; sourceTree = "<group>"; };
		323DEA8023C4038C0074A8AE /* MCMPluginKitPluginContainer.h */ = {isa = PBXFileReference; lastKnownFileType = sourcecode.c.h; path = MCMPluginKitPluginContainer.h; sourceTree = "<group>"; };
		323DEA8123C4038C0074A8AE /* MCMPluginKitPluginDataContainer.h */ = {isa = PBXFileReference; lastKnownFileType = sourcecode.c.h; path = MCMPluginKitPluginDataContainer.h; sourceTree = "<group>"; };
		323DEA8223C4038C0074A8AE /* MCMSharedDataContainer.h */ = {isa = PBXFileReference; lastKnownFileType = sourcecode.c.h; path = MCMSharedDataContainer.h; sourceTree = "<group>"; };
		323DEA8323C4038C0074A8AE /* MCMSharedSystemDataContainer.h */ = {isa = PBXFileReference; lastKnownFileType = sourcecode.c.h; path = MCMSharedSystemDataContainer.h; sourceTree = "<group>"; };
		323DEA8423C4038C0074A8AE /* MCMSystemDataContainer.h */ = {isa = PBXFileReference; lastKnownFileType = sourcecode.c.h; path = MCMSystemDataContainer.h; sourceTree = "<group>"; };
		323DEA8523C4038C0074A8AE /* MCMTempDirDataContainer.h */ = {isa = PBXFileReference; lastKnownFileType = sourcecode.c.h; path = MCMTempDirDataContainer.h; sourceTree = "<group>"; };
		323DEA8623C4038C0074A8AE /* MCMVPNPluginContainer.h */ = {isa = PBXFileReference; lastKnownFileType = sourcecode.c.h; path = MCMVPNPluginContainer.h; sourceTree = "<group>"; };
		323DEA8723C4038C0074A8AE /* MCMVPNPluginDataContainer.h */ = {isa = PBXFileReference; lastKnownFileType = sourcecode.c.h; path = MCMVPNPluginDataContainer.h; sourceTree = "<group>"; };
		323DEA8823C4038C0074A8AE /* MCMXPCServiceDataContainer.h */ = {isa = PBXFileReference; lastKnownFileType = sourcecode.c.h; path = MCMXPCServiceDataContainer.h; sourceTree = "<group>"; };
		323DEA8923C4038C0074A8AE /* MobileContainerManager-Structs.h */ = {isa = PBXFileReference; lastKnownFileType = sourcecode.c.h; path = "MobileContainerManager-Structs.h"; sourceTree = "<group>"; };
		323DEA8A23C4038C0074A8AE /* MobileContainerManager.h */ = {isa = PBXFileReference; lastKnownFileType = sourcecode.c.h; path = MobileContainerManager.h; sourceTree = "<group>"; };
		323DEA8C23C4038C0074A8AE /* NSXPCConnectionDelegate.h */ = {isa = PBXFileReference; lastKnownFileType = sourcecode.c.h; path = NSXPCConnectionDelegate.h; sourceTree = "<group>"; };
		323DEA8D23C4038C0074A8AE /* SFAirDropAction.h */ = {isa = PBXFileReference; lastKnownFileType = sourcecode.c.h; path = SFAirDropAction.h; sourceTree = "<group>"; };
		323DEA8E23C4038C0074A8AE /* SFAirDropActiveIconView.h */ = {isa = PBXFileReference; lastKnownFileType = sourcecode.c.h; path = SFAirDropActiveIconView.h; sourceTree = "<group>"; };
		323DEA8F23C4038C0074A8AE /* SFAirDropActivityViewController.h */ = {isa = PBXFileReference; lastKnownFileType = sourcecode.c.h; path = SFAirDropActivityViewController.h; sourceTree = "<group>"; };
		323DEA9023C4038C0074A8AE /* SFAirDropActivityViewControllerDelegate.h */ = {isa = PBXFileReference; lastKnownFileType = sourcecode.c.h; path = SFAirDropActivityViewControllerDelegate.h; sourceTree = "<group>"; };
		323DEA9123C4038C0074A8AE /* SFAirDropBrowser.h */ = {isa = PBXFileReference; lastKnownFileType = sourcecode.c.h; path = SFAirDropBrowser.h; sourceTree = "<group>"; };
		323DEA9223C4038C0074A8AE /* SFAirDropBrowserBatchDelegate.h */ = {isa = PBXFileReference; lastKnownFileType = sourcecode.c.h; path = SFAirDropBrowserBatchDelegate.h; sourceTree = "<group>"; };
		323DEA9323C4038C0074A8AE /* SFAirDropClassroomTransferManager.h */ = {isa = PBXFileReference; lastKnownFileType = sourcecode.c.h; path = SFAirDropClassroomTransferManager.h; sourceTree = "<group>"; };
		323DEA9423C4038C0074A8AE /* SFAirDropClassroomTransferManagerProtocol.h */ = {isa = PBXFileReference; lastKnownFileType = sourcecode.c.h; path = SFAirDropClassroomTransferManagerProtocol.h; sourceTree = "<group>"; };
		323DEA9523C4038C0074A8AE /* SFAirDropDiscoveryController.h */ = {isa = PBXFileReference; lastKnownFileType = sourcecode.c.h; path = SFAirDropDiscoveryController.h; sourceTree = "<group>"; };
		323DEA9623C4038C0074A8AE /* SFAirDropIconView.h */ = {isa = PBXFileReference; lastKnownFileType = sourcecode.c.h; path = SFAirDropIconView.h; sourceTree = "<group>"; };
		323DEA9723C4038C0074A8AE /* SFAirDropNode.h */ = {isa = PBXFileReference; lastKnownFileType = sourcecode.c.h; path = SFAirDropNode.h; sourceTree = "<group>"; };
		323DEA9823C4038C0074A8AE /* SFAirDropPayload.h */ = {isa = PBXFileReference; lastKnownFileType = sourcecode.c.h; path = SFAirDropPayload.h; sourceTree = "<group>"; };
		323DEA9923C4038C0074A8AE /* SFAirDropReceiverViewController.h */ = {isa = PBXFileReference; lastKnownFileType = sourcecode.c.h; path = SFAirDropReceiverViewController.h; sourceTree = "<group>"; };
		323DEA9A23C4038C0074A8AE /* SFAirDropSharingViewControllerTV.h */ = {isa = PBXFileReference; lastKnownFileType = sourcecode.c.h; path = SFAirDropSharingViewControllerTV.h; sourceTree = "<group>"; };
		323DEA9B23C4038C0074A8AE /* SFAirDropTransfer.h */ = {isa = PBXFileReference; lastKnownFileType = sourcecode.c.h; path = SFAirDropTransfer.h; sourceTree = "<group>"; };
		323DEA9C23C4038C0074A8AE /* SFAirDropTransferItem.h */ = {isa = PBXFileReference; lastKnownFileType = sourcecode.c.h; path = SFAirDropTransferItem.h; sourceTree = "<group>"; };
		323DEA9D23C4038C0074A8AE /* SFAirDropTransferMetaData.h */ = {isa = PBXFileReference; lastKnownFileType = sourcecode.c.h; path = SFAirDropTransferMetaData.h; sourceTree = "<group>"; };
		323DEA9E23C4038C0074A8AE /* SFAirDropTransferObserver.h */ = {isa = PBXFileReference; lastKnownFileType = sourcecode.c.h; path = SFAirDropTransferObserver.h; sourceTree = "<group>"; };
		323DEA9F23C4038C0074A8AE /* SFAirDropTransferObserverProtocol.h */ = {isa = PBXFileReference; lastKnownFileType = sourcecode.c.h; path = SFAirDropTransferObserverProtocol.h; sourceTree = "<group>"; };
		323DEAA023C4038C0074A8AE /* SFAirDropViewServiceHostProtocol.h */ = {isa = PBXFileReference; lastKnownFileType = sourcecode.c.h; path = SFAirDropViewServiceHostProtocol.h; sourceTree = "<group>"; };
		323DEAA123C4038C0074A8AE /* SFCompanionXPCManager.h */ = {isa = PBXFileReference; lastKnownFileType = sourcecode.c.h; path = SFCompanionXPCManager.h; sourceTree = "<group>"; };
		323DEAA223C4038C0074A8AE /* SFCompanionXPCManagerObserver.h */ = {isa = PBXFileReference; lastKnownFileType = sourcecode.c.h; path = SFCompanionXPCManagerObserver.h; sourceTree = "<group>"; };
		323DEAA323C4038C0074A8AE /* SFXPCClient.h */ = {isa = PBXFileReference; lastKnownFileType = sourcecode.c.h; path = SFXPCClient.h; sourceTree = "<group>"; };
		323DEAA423C4038C0074A8AE /* SFXPCInterface.h */ = {isa = PBXFileReference; lastKnownFileType = sourcecode.c.h; path = SFXPCInterface.h; sourceTree = "<group>"; };
		323DEAA623C4038C0074A8AE /* SDAirDropHandlerGenericFiles.h */ = {isa = PBXFileReference; lastKnownFileType = sourcecode.c.h; path = SDAirDropHandlerGenericFiles.h; sourceTree = "<group>"; };
		323DEAA723C4038C0074A8AE /* SDAirDropTransferManager.h */ = {isa = PBXFileReference; lastKnownFileType = sourcecode.c.h; path = SDAirDropTransferManager.h; sourceTree = "<group>"; };
		323DEAA823C4038C0074A8AE /* SDAirDropTransferManager.m */ = {isa = PBXFileReference; lastKnownFileType = sourcecode.c.objc; path = SDAirDropTransferManager.m; sourceTree = "<group>"; };
		323DEAAA23C4038C0074A8AE /* _TtC8sharingd15SDAirDropLogger.h */ = {isa = PBXFileReference; lastKnownFileType = sourcecode.c.h; path = _TtC8sharingd15SDAirDropLogger.h; sourceTree = "<group>"; };
		323DEAAB23C4038C0074A8AE /* _TtC8sharingd15SDAirDropStatus.h */ = {isa = PBXFileReference; lastKnownFileType = sourcecode.c.h; path = _TtC8sharingd15SDAirDropStatus.h; sourceTree = "<group>"; };
		323DEAAC23C4038C0074A8AE /* _TtC8sharingd17SDAirDropListener.h */ = {isa = PBXFileReference; lastKnownFileType = sourcecode.c.h; path = _TtC8sharingd17SDAirDropListener.h; sourceTree = "<group>"; };
		323DEAAD23C4038C0074A8AE /* _TtC8sharingd19SDAirDropHandlerIPA.h */ = {isa = PBXFileReference; lastKnownFileType = sourcecode.c.h; path = _TtC8sharingd19SDAirDropHandlerIPA.h; sourceTree = "<group>"; };
		323DEAAE23C4038C0074A8AE /* _TtC8sharingd21SDAirDropHashStoreCDB.h */ = {isa = PBXFileReference; lastKnownFileType = sourcecode.c.h; path = _TtC8sharingd21SDAirDropHashStoreCDB.h; sourceTree = "<group>"; };
		323DEAAF23C4038C0074A8AE /* _TtC8sharingd26SDAirDropHashStoreInMemory.h */ = {isa = PBXFileReference; lastKnownFileType = sourcecode.c.h; path = _TtC8sharingd26SDAirDropHashStoreInMemory.h; sourceTree = "<group>"; };
		323DEAB023C4038C0074A8AE /* _TtC8sharingd27SDAirDropContactHashManager-sharingd.h */ = {isa = PBXFileReference; lastKnownFileType = sourcecode.c.h; path = "_TtC8sharingd27SDAirDropContactHashManager-sharingd.h"; sourceTree = "<group>"; };
		323DEAB123C4038C0074A8AE /* _TtC8sharingd27SDAirDropContactHashManager.h */ = {isa = PBXFileReference; lastKnownFileType = sourcecode.c.h; path = _TtC8sharingd27SDAirDropContactHashManager.h; sourceTree = "<group>"; };
		323DEAB223C4038C0074A8AE /* _TtP8sharingd23SDAirDropStatusDelegate_-Protocol.h */ = {isa = PBXFileReference; lastKnownFileType = sourcecode.c.h; path = "_TtP8sharingd23SDAirDropStatusDelegate_-Protocol.h"; sourceTree = "<group>"; };
		323DEAB323C4038C0074A8AE /* _TtP8sharingd25SDAirDropListenerDelegate_-Protocol.h */ = {isa = PBXFileReference; lastKnownFileType = sourcecode.c.h; path = "_TtP8sharingd25SDAirDropListenerDelegate_-Protocol.h"; sourceTree = "<group>"; };
		323DEAB423C4038C0074A8AE /* AWDSharingAirDropPeerDiscoveredInfo.h */ = {isa = PBXFileReference; lastKnownFileType = sourcecode.c.h; path = AWDSharingAirDropPeerDiscoveredInfo.h; sourceTree = "<group>"; };
		323DEAB523C4038C0074A8AE /* AWDSharingAirDropSessionInfo.h */ = {isa = PBXFileReference; lastKnownFileType = sourcecode.c.h; path = AWDSharingAirDropSessionInfo.h; sourceTree = "<group>"; };
		323DEAB623C4038C0074A8AE /* AWDSharingAirDropTransferResult.h */ = {isa = PBXFileReference; lastKnownFileType = sourcecode.c.h; path = AWDSharingAirDropTransferResult.h; sourceTree = "<group>"; };
		323DEAB723C4038C0074A8AE /* SDAirDropAlertManager-Protocol.h */ = {isa = PBXFileReference; lastKnownFileType = sourcecode.c.h; path = "SDAirDropAlertManager-Protocol.h"; sourceTree = "<group>"; };
		323DEAB823C4038C0074A8AE /* SDAirDropAlertManagerDelegate-Protocol.h */ = {isa = PBXFileReference; lastKnownFileType = sourcecode.c.h; path = "SDAirDropAlertManagerDelegate-Protocol.h"; sourceTree = "<group>"; };
		323DEAB923C4038C0074A8AE /* SDAirDropClassroomTransferManager.h */ = {isa = PBXFileReference; lastKnownFileType = sourcecode.c.h; path = SDAirDropClassroomTransferManager.h; sourceTree = "<group>"; };
		323DEABA23C4038C0074A8AE /* SDAirDropClassroomTransferManagerProtocol-Protocol.h */ = {isa = PBXFileReference; lastKnownFileType = sourcecode.c.h; path = "SDAirDropClassroomTransferManagerProtocol-Protocol.h"; sourceTree = "<group>"; };
		323DEABB23C4038C0074A8AE /* SDAirDropClient.h */ = {isa = PBXFileReference; lastKnownFileType = sourcecode.c.h; path = SDAirDropClient.h; sourceTree = "<group>"; };
		323DEABC23C4038C0074A8AE /* SDAirDropClientDelegate-Protocol.h */ = {isa = PBXFileReference; lastKnownFileType = sourcecode.c.h; path = "SDAirDropClientDelegate-Protocol.h"; sourceTree = "<group>"; };
		323DEABD23C4038C0074A8AE /* SDAirDropCompressor.h */ = {isa = PBXFileReference; lastKnownFileType = sourcecode.c.h; path = SDAirDropCompressor.h; sourceTree = "<group>"; };
		323DEABE23C4038C0074A8AE /* SDAirDropConnection.h */ = {isa = PBXFileReference; lastKnownFileType = sourcecode.c.h; path = SDAirDropConnection.h; sourceTree = "<group>"; };
		323DEABF23C4038C0074A8AE /* SDAirDropConnectionDelegate-Protocol.h */ = {isa = PBXFileReference; lastKnownFileType = sourcecode.c.h; path = "SDAirDropConnectionDelegate-Protocol.h"; sourceTree = "<group>"; };
		323DEAC023C4038C0074A8AE /* SDAirDropController.h */ = {isa = PBXFileReference; lastKnownFileType = sourcecode.c.h; path = SDAirDropController.h; sourceTree = "<group>"; };
		323DEAC123C4038C0074A8AE /* SDAirDropControllerDelegate-Protocol.h */ = {isa = PBXFileReference; lastKnownFileType = sourcecode.c.h; path = "SDAirDropControllerDelegate-Protocol.h"; sourceTree = "<group>"; };
		323DEAC223C4038C0074A8AE /* SDAirDropFakeTransfer.h */ = {isa = PBXFileReference; lastKnownFileType = sourcecode.c.h; path = SDAirDropFakeTransfer.h; sourceTree = "<group>"; };
		323DEAC323C4038C0074A8AE /* SDAirDropFileZipper.h */ = {isa = PBXFileReference; lastKnownFileType = sourcecode.c.h; path = SDAirDropFileZipper.h; sourceTree = "<group>"; };
		323DEAC423C4038C0074A8AE /* SDAirDropFileZipperDelegate-Protocol.h */ = {isa = PBXFileReference; lastKnownFileType = sourcecode.c.h; path = "SDAirDropFileZipperDelegate-Protocol.h"; sourceTree = "<group>"; };
		323DEAC523C4038C0074A8AE /* SDAirDropHandler.h */ = {isa = PBXFileReference; lastKnownFileType = sourcecode.c.h; path = SDAirDropHandler.h; sourceTree = "<group>"; };
		323DEAC623C4038C0074A8AE /* SDAirDropHandlerAppStoreLinks.h */ = {isa = PBXFileReference; lastKnownFileType = sourcecode.c.h; path = SDAirDropHandlerAppStoreLinks.h; sourceTree = "<group>"; };
		323DEAC723C4038C0074A8AE /* SDAirDropHandlerCalendarEvents.h */ = {isa = PBXFileReference; lastKnownFileType = sourcecode.c.h; path = SDAirDropHandlerCalendarEvents.h; sourceTree = "<group>"; };
		323DEAC823C4038C0074A8AE /* SDAirDropHandlerContacts.h */ = {isa = PBXFileReference; lastKnownFileType = sourcecode.c.h; path = SDAirDropHandlerContacts.h; sourceTree = "<group>"; };
		323DEAC923C4038C0074A8AE /* SDAirDropHandlerCredentialLinks.h */ = {isa = PBXFileReference; lastKnownFileType = sourcecode.c.h; path = SDAirDropHandlerCredentialLinks.h; sourceTree = "<group>"; };
		323DEACA23C4038C0074A8AE /* SDAirDropHandlerFailed.h */ = {isa = PBXFileReference; lastKnownFileType = sourcecode.c.h; path = SDAirDropHandlerFailed.h; sourceTree = "<group>"; };
		323DEACB23C4038C0074A8AE /* SDAirDropHandlerFailedMixedTypes.h */ = {isa = PBXFileReference; lastKnownFileType = sourcecode.c.h; path = SDAirDropHandlerFailedMixedTypes.h; sourceTree = "<group>"; };
		323DEACC23C4038C0074A8AE /* SDAirDropHandlerFindMyFriendsLinks.h */ = {isa = PBXFileReference; lastKnownFileType = sourcecode.c.h; path = SDAirDropHandlerFindMyFriendsLinks.h; sourceTree = "<group>"; };
		323DEACD23C4038C0074A8AE /* SDAirDropHandlerGenericLinks.h */ = {isa = PBXFileReference; lastKnownFileType = sourcecode.c.h; path = SDAirDropHandlerGenericLinks.h; sourceTree = "<group>"; };
		323DEACE23C4038C0074A8AE /* SDAirDropHandleriBooksItems.h */ = {isa = PBXFileReference; lastKnownFileType = sourcecode.c.h; path = SDAirDropHandleriBooksItems.h; sourceTree = "<group>"; };
		323DEACF23C4038C0074A8AE /* SDAirDropHandleriBooksLinks.h */ = {isa = PBXFileReference; lastKnownFileType = sourcecode.c.h; path = SDAirDropHandleriBooksLinks.h; sourceTree = "<group>"; };
		323DEAD023C4038C0074A8AE /* SDAirDropHandleriCloudDrive.h */ = {isa = PBXFileReference; lastKnownFileType = sourcecode.c.h; path = SDAirDropHandleriCloudDrive.h; sourceTree = "<group>"; };
		323DEAD123C4038C0074A8AE /* SDAirDropHandleriLifeLinks.h */ = {isa = PBXFileReference; lastKnownFileType = sourcecode.c.h; path = SDAirDropHandleriLifeLinks.h; sourceTree = "<group>"; };
		323DEAD223C4038C0074A8AE /* SDAirDropHandleriTunesStoreLinks.h */ = {isa = PBXFileReference; lastKnownFileType = sourcecode.c.h; path = SDAirDropHandleriTunesStoreLinks.h; sourceTree = "<group>"; };
		323DEAD323C4038C0074A8AE /* SDAirDropHandleriTunesULinks.h */ = {isa = PBXFileReference; lastKnownFileType = sourcecode.c.h; path = SDAirDropHandleriTunesULinks.h; sourceTree = "<group>"; };
		323DEAD423C4038C0074A8AE /* SDAirDropHandleriWorkLinks.h */ = {isa = PBXFileReference; lastKnownFileType = sourcecode.c.h; path = SDAirDropHandleriWorkLinks.h; sourceTree = "<group>"; };
		323DEAD523C4038C0074A8AE /* SDAirDropHandlerKeynoteLiveLinks.h */ = {isa = PBXFileReference; lastKnownFileType = sourcecode.c.h; path = SDAirDropHandlerKeynoteLiveLinks.h; sourceTree = "<group>"; };
		323DEAD623C4038C0074A8AE /* SDAirDropHandlerMapsLinks.h */ = {isa = PBXFileReference; lastKnownFileType = sourcecode.c.h; path = SDAirDropHandlerMapsLinks.h; sourceTree = "<group>"; };
		323DEAD723C4038C0074A8AE /* SDAirDropHandlerMixedTypes.h */ = {isa = PBXFileReference; lastKnownFileType = sourcecode.c.h; path = SDAirDropHandlerMixedTypes.h; sourceTree = "<group>"; };
		323DEAD823C4038C0074A8AE /* SDAirDropHandlerNewsLinks.h */ = {isa = PBXFileReference; lastKnownFileType = sourcecode.c.h; path = SDAirDropHandlerNewsLinks.h; sourceTree = "<group>"; };
		323DEAD923C4038C0074A8AE /* SDAirDropHandlerNotes.h */ = {isa = PBXFileReference; lastKnownFileType = sourcecode.c.h; path = SDAirDropHandlerNotes.h; sourceTree = "<group>"; };
		323DEADA23C4038C0074A8AE /* SDAirDropHandlerPDFs.h */ = {isa = PBXFileReference; lastKnownFileType = sourcecode.c.h; path = SDAirDropHandlerPDFs.h; sourceTree = "<group>"; };
		323DEADB23C4038C0074A8AE /* SDAirDropHandlerPhoneLinks.h */ = {isa = PBXFileReference; lastKnownFileType = sourcecode.c.h; path = SDAirDropHandlerPhoneLinks.h; sourceTree = "<group>"; };
		323DEADC23C4038C0074A8AE /* SDAirDropHandlerPhotos.h */ = {isa = PBXFileReference; lastKnownFileType = sourcecode.c.h; path = SDAirDropHandlerPhotos.h; sourceTree = "<group>"; };
		323DEADD23C4038C0074A8AE /* SDAirDropHandlerPlaygroundItems.h */ = {isa = PBXFileReference; lastKnownFileType = sourcecode.c.h; path = SDAirDropHandlerPlaygroundItems.h; sourceTree = "<group>"; };
		323DEADE23C4038C0074A8AE /* SDAirDropHandlerPodcastsLinks.h */ = {isa = PBXFileReference; lastKnownFileType = sourcecode.c.h; path = SDAirDropHandlerPodcastsLinks.h; sourceTree = "<group>"; };
		323DEADF23C4038C0074A8AE /* SDAirDropHandlerProfiles.h */ = {isa = PBXFileReference; lastKnownFileType = sourcecode.c.h; path = SDAirDropHandlerProfiles.h; sourceTree = "<group>"; };
		323DEAE023C4038C0074A8AE /* SDAirDropHandlerSharediCloudDocumentsLinks.h */ = {isa = PBXFileReference; lastKnownFileType = sourcecode.c.h; path = SDAirDropHandlerSharediCloudDocumentsLinks.h; sourceTree = "<group>"; };
		323DEAE123C4038C0074A8AE /* SDAirDropHandlerUnsupportedType.h */ = {isa = PBXFileReference; lastKnownFileType = sourcecode.c.h; path = SDAirDropHandlerUnsupportedType.h; sourceTree = "<group>"; };
		323DEAE223C4038C0074A8AE /* SDAirDropHandlerVoiceMails.h */ = {isa = PBXFileReference; lastKnownFileType = sourcecode.c.h; path = SDAirDropHandlerVoiceMails.h; sourceTree = "<group>"; };
		323DEAE323C4038C0074A8AE /* SDAirDropHandlerVoiceMemos.h */ = {isa = PBXFileReference; lastKnownFileType = sourcecode.c.h; path = SDAirDropHandlerVoiceMemos.h; sourceTree = "<group>"; };
		323DEAE423C4038C0074A8AE /* SDAirDropHandlerWalletItems.h */ = {isa = PBXFileReference; lastKnownFileType = sourcecode.c.h; path = SDAirDropHandlerWalletItems.h; sourceTree = "<group>"; };
		323DEAE523C4038C0074A8AE /* SDAirDropHandlerWebLinks.h */ = {isa = PBXFileReference; lastKnownFileType = sourcecode.c.h; path = SDAirDropHandlerWebLinks.h; sourceTree = "<group>"; };
		323DEAE623C4038C0074A8AE /* SDAirDropIconCacher.h */ = {isa = PBXFileReference; lastKnownFileType = sourcecode.c.h; path = SDAirDropIconCacher.h; sourceTree = "<group>"; };
		323DEAE723C4038C0074A8AE /* SDAirDropIconCacherDelegate-Protocol.h */ = {isa = PBXFileReference; lastKnownFileType = sourcecode.c.h; path = "SDAirDropIconCacherDelegate-Protocol.h"; sourceTree = "<group>"; };
		323DEAE823C4038C0074A8AE /* SDAirDropInformation.h */ = {isa = PBXFileReference; lastKnownFileType = sourcecode.c.h; path = SDAirDropInformation.h; sourceTree = "<group>"; };
		323DEAE923C4038C0074A8AE /* SDAirDropInformationDelegate-Protocol.h */ = {isa = PBXFileReference; lastKnownFileType = sourcecode.c.h; path = "SDAirDropInformationDelegate-Protocol.h"; sourceTree = "<group>"; };
		323DEAEA23C4038C0074A8AE /* SDAirDropPeerMetric.h */ = {isa = PBXFileReference; lastKnownFileType = sourcecode.c.h; path = SDAirDropPeerMetric.h; sourceTree = "<group>"; };
		323DEAEB23C4038C0074A8AE /* SDAirDropPublisher.h */ = {isa = PBXFileReference; lastKnownFileType = sourcecode.c.h; path = SDAirDropPublisher.h; sourceTree = "<group>"; };
		323DEAEC23C4038C0074A8AE /* SDAirDropPublisherDelegate-Protocol.h */ = {isa = PBXFileReference; lastKnownFileType = sourcecode.c.h; path = "SDAirDropPublisherDelegate-Protocol.h"; sourceTree = "<group>"; };
		323DEAED23C4038C0074A8AE /* SDAirDropReceiveManager.h */ = {isa = PBXFileReference; lastKnownFileType = sourcecode.c.h; path = SDAirDropReceiveManager.h; sourceTree = "<group>"; };
		323DEAEE23C4038C0074A8AE /* SDAirDropServer.h */ = {isa = PBXFileReference; lastKnownFileType = sourcecode.c.h; path = SDAirDropServer.h; sourceTree = "<group>"; };
		323DEAEF23C4038C0074A8AE /* SDAirDropServerDelegate-Protocol.h */ = {isa = PBXFileReference; lastKnownFileType = sourcecode.c.h; path = "SDAirDropServerDelegate-Protocol.h"; sourceTree = "<group>"; };
		323DEAF023C4038C0074A8AE /* SDAirDropSession.h */ = {isa = PBXFileReference; lastKnownFileType = sourcecode.c.h; path = SDAirDropSession.h; sourceTree = "<group>"; };
		323DEAF123C4038C0074A8AE /* SDAirDropSessionDelegate-Protocol.h */ = {isa = PBXFileReference; lastKnownFileType = sourcecode.c.h; path = "SDAirDropSessionDelegate-Protocol.h"; sourceTree = "<group>"; };
		323DEAF223C4038C0074A8AE /* SDAirDropTransferManagerProtocol-Protocol.h */ = {isa = PBXFileReference; lastKnownFileType = sourcecode.c.h; path = "SDAirDropTransferManagerProtocol-Protocol.h"; sourceTree = "<group>"; };
		323DEAF323C4038C0074A8AE /* SFAirDropClassroomTransferDelegate-Protocol.h */ = {isa = PBXFileReference; lastKnownFileType = sourcecode.c.h; path = "SFAirDropClassroomTransferDelegate-Protocol.h"; sourceTree = "<group>"; };
		323DEAF423C4038C0074A8AE /* SFAirDropClassroomTransferManagerProtocol-Protocol.h */ = {isa = PBXFileReference; lastKnownFileType = sourcecode.c.h; path = "SFAirDropClassroomTransferManagerProtocol-Protocol.h"; sourceTree = "<group>"; };
		323DEAF523C4038C0074A8AE /* SFAirDropTransferObserverDelegate-Protocol.h */ = {isa = PBXFileReference; lastKnownFileType = sourcecode.c.h; path = "SFAirDropTransferObserverDelegate-Protocol.h"; sourceTree = "<group>"; };
		323DEAF623C4038C0074A8AE /* SFAirDropTransferObserverProtocol-Protocol.h */ = {isa = PBXFileReference; lastKnownFileType = sourcecode.c.h; path = "SFAirDropTransferObserverProtocol-Protocol.h"; sourceTree = "<group>"; };
		326E1C8523C53FD10007D826 /* README.md */ = {isa = PBXFileReference; fileEncoding = 4; lastKnownFileType = net.daringfireball.markdown; path = README.md; sourceTree = "<group>"; };
		326E1C8D23C6D1610007D826 /* CTBlockDescription.h */ = {isa = PBXFileReference; fileEncoding = 4; lastKnownFileType = sourcecode.c.h; path = CTBlockDescription.h; sourceTree = "<group>"; };
		326E1C9023C6D1610007D826 /* CTBlockDescription.m */ = {isa = PBXFileReference; fileEncoding = 4; lastKnownFileType = sourcecode.c.objc; path = CTBlockDescription.m; sourceTree = "<group>"; };
		328495F523BE7438009DDE26 /* MCMAppContainer.h */ = {isa = PBXFileReference; lastKnownFileType = sourcecode.c.h; path = MCMAppContainer.h; sourceTree = "<group>"; };
		328495F623BE7438009DDE26 /* MCMAppDataContainer.h */ = {isa = PBXFileReference; lastKnownFileType = sourcecode.c.h; path = MCMAppDataContainer.h; sourceTree = "<group>"; };
		328495F723BE7438009DDE26 /* MCMContainer.h */ = {isa = PBXFileReference; lastKnownFileType = sourcecode.c.h; path = MCMContainer.h; sourceTree = "<group>"; };
		328495F823BE7438009DDE26 /* MCMContainerManager.h */ = {isa = PBXFileReference; lastKnownFileType = sourcecode.c.h; path = MCMContainerManager.h; sourceTree = "<group>"; };
		328495F923BE7438009DDE26 /* MCMDataContainer.h */ = {isa = PBXFileReference; lastKnownFileType = sourcecode.c.h; path = MCMDataContainer.h; sourceTree = "<group>"; };
		328495FA23BE7438009DDE26 /* MCMFrameworkContainer.h */ = {isa = PBXFileReference; lastKnownFileType = sourcecode.c.h; path = MCMFrameworkContainer.h; sourceTree = "<group>"; };
		328495FB23BE7438009DDE26 /* MCMInternalDaemonDataContainer.h */ = {isa = PBXFileReference; lastKnownFileType = sourcecode.c.h; path = MCMInternalDaemonDataContainer.h; sourceTree = "<group>"; };
		328495FC23BE7438009DDE26 /* MCMPluginKitPluginContainer.h */ = {isa = PBXFileReference; lastKnownFileType = sourcecode.c.h; path = MCMPluginKitPluginContainer.h; sourceTree = "<group>"; };
		328495FD23BE7438009DDE26 /* MCMPluginKitPluginDataContainer.h */ = {isa = PBXFileReference; lastKnownFileType = sourcecode.c.h; path = MCMPluginKitPluginDataContainer.h; sourceTree = "<group>"; };
		328495FE23BE7438009DDE26 /* MCMSharedDataContainer.h */ = {isa = PBXFileReference; lastKnownFileType = sourcecode.c.h; path = MCMSharedDataContainer.h; sourceTree = "<group>"; };
		328495FF23BE7438009DDE26 /* MCMSharedSystemDataContainer.h */ = {isa = PBXFileReference; lastKnownFileType = sourcecode.c.h; path = MCMSharedSystemDataContainer.h; sourceTree = "<group>"; };
		3284960023BE7438009DDE26 /* MCMSystemDataContainer.h */ = {isa = PBXFileReference; lastKnownFileType = sourcecode.c.h; path = MCMSystemDataContainer.h; sourceTree = "<group>"; };
		3284960123BE7438009DDE26 /* MCMTempDirDataContainer.h */ = {isa = PBXFileReference; lastKnownFileType = sourcecode.c.h; path = MCMTempDirDataContainer.h; sourceTree = "<group>"; };
		3284960223BE7438009DDE26 /* MCMVPNPluginContainer.h */ = {isa = PBXFileReference; lastKnownFileType = sourcecode.c.h; path = MCMVPNPluginContainer.h; sourceTree = "<group>"; };
		3284960323BE7438009DDE26 /* MCMVPNPluginDataContainer.h */ = {isa = PBXFileReference; lastKnownFileType = sourcecode.c.h; path = MCMVPNPluginDataContainer.h; sourceTree = "<group>"; };
		3284960423BE7438009DDE26 /* MCMXPCServiceDataContainer.h */ = {isa = PBXFileReference; lastKnownFileType = sourcecode.c.h; path = MCMXPCServiceDataContainer.h; sourceTree = "<group>"; };
		3284960523BE7438009DDE26 /* MobileContainerManager-Structs.h */ = {isa = PBXFileReference; lastKnownFileType = sourcecode.c.h; path = "MobileContainerManager-Structs.h"; sourceTree = "<group>"; };
		3284960623BE7438009DDE26 /* MobileContainerManager.h */ = {isa = PBXFileReference; lastKnownFileType = sourcecode.c.h; path = MobileContainerManager.h; sourceTree = "<group>"; };
		32F5C2852398A2C100FB7839 /* BreezySettings.h */ = {isa = PBXFileReference; lastKnownFileType = sourcecode.c.h; path = BreezySettings.h; sourceTree = "<group>"; };
		32F5C2862398A2C100FB7839 /* BreezySettings.m */ = {isa = PBXFileReference; lastKnownFileType = sourcecode.c.objc; path = BreezySettings.m; sourceTree = "<group>"; };
		32F5C2872398A2C100FB7839 /* ent.plist */ = {isa = PBXFileReference; lastKnownFileType = text.plist.xml; path = ent.plist; sourceTree = "<group>"; };
		32F5C2882398A2C100FB7839 /* entry.plist */ = {isa = PBXFileReference; lastKnownFileType = text.plist.xml; path = entry.plist; sourceTree = "<group>"; };
		32F5C28B2398A2C100FB7839 /* control */ = {isa = PBXFileReference; lastKnownFileType = text; path = control; sourceTree = "<group>"; };
		32F5C2902398A2C100FB7839 /* Makefile */ = {isa = PBXFileReference; lastKnownFileType = sourcecode.make; path = Makefile; sourceTree = "<group>"; };
		32F5C2912398A2C100FB7839 /* NSTask.h */ = {isa = PBXFileReference; lastKnownFileType = sourcecode.c.h; path = NSTask.h; sourceTree = "<group>"; };
		32F5C2922398A2C100FB7839 /* prefs.h */ = {isa = PBXFileReference; lastKnownFileType = sourcecode.c.h; path = prefs.h; sourceTree = "<group>"; };
		32F5C2952398A2C100FB7839 /* icon.jpg */ = {isa = PBXFileReference; lastKnownFileType = image.jpeg; path = icon.jpg; sourceTree = "<group>"; };
		32F5C2962398A2C100FB7839 /* Info.plist */ = {isa = PBXFileReference; lastKnownFileType = text.plist.xml; path = Info.plist; sourceTree = "<group>"; };
		32F5C2972398A2C100FB7839 /* Sharing.tbd */ = {isa = PBXFileReference; lastKnownFileType = "sourcecode.text-based-dylib-definition"; path = Sharing.tbd; sourceTree = "<group>"; };
		32F5C2992398A2C100FB7839 /* TSKPreviewViewController.h */ = {isa = PBXFileReference; lastKnownFileType = sourcecode.c.h; path = TSKPreviewViewController.h; sourceTree = "<group>"; };
		32F5C29A2398A2C100FB7839 /* TSKVibrantImageView.h */ = {isa = PBXFileReference; lastKnownFileType = sourcecode.c.h; path = TSKVibrantImageView.h; sourceTree = "<group>"; };
		32F5C29C2398A2C100FB7839 /* _TSKAnimatorDelegate.h */ = {isa = PBXFileReference; lastKnownFileType = sourcecode.c.h; path = _TSKAnimatorDelegate.h; sourceTree = "<group>"; };
		32F5C29D2398A2C100FB7839 /* _TSKContentContainerView.h */ = {isa = PBXFileReference; lastKnownFileType = sourcecode.c.h; path = _TSKContentContainerView.h; sourceTree = "<group>"; };
		32F5C29E2398A2C100FB7839 /* _TSKSliceLayer.h */ = {isa = PBXFileReference; lastKnownFileType = sourcecode.c.h; path = _TSKSliceLayer.h; sourceTree = "<group>"; };
		32F5C29F2398A2C100FB7839 /* _TSKSlideAnimator.h */ = {isa = PBXFileReference; lastKnownFileType = sourcecode.c.h; path = _TSKSlideAnimator.h; sourceTree = "<group>"; };
		32F5C2A02398A2C100FB7839 /* _TSKSplitViewController.h */ = {isa = PBXFileReference; lastKnownFileType = sourcecode.c.h; path = _TSKSplitViewController.h; sourceTree = "<group>"; };
		32F5C2A12398A2C100FB7839 /* _TSKZoomAnimator.h */ = {isa = PBXFileReference; lastKnownFileType = sourcecode.c.h; path = _TSKZoomAnimator.h; sourceTree = "<group>"; };
		32F5C2A22398A2C100FB7839 /* SFPasswordSharingServiceDelegate.h */ = {isa = PBXFileReference; lastKnownFileType = sourcecode.c.h; path = SFPasswordSharingServiceDelegate.h; sourceTree = "<group>"; };
		32F5C2A32398A2C100FB7839 /* TSKAggregateSettingGroup.h */ = {isa = PBXFileReference; lastKnownFileType = sourcecode.c.h; path = TSKAggregateSettingGroup.h; sourceTree = "<group>"; };
		32F5C2A42398A2C100FB7839 /* TSKAppIconPreviewViewController.h */ = {isa = PBXFileReference; lastKnownFileType = sourcecode.c.h; path = TSKAppIconPreviewViewController.h; sourceTree = "<group>"; };
		32F5C2A52398A2C100FB7839 /* TSKBaseTableViewCell.h */ = {isa = PBXFileReference; lastKnownFileType = sourcecode.c.h; path = TSKBaseTableViewCell.h; sourceTree = "<group>"; };
		32F5C2A62398A2C100FB7839 /* TSKBoolFormatter.h */ = {isa = PBXFileReference; lastKnownFileType = sourcecode.c.h; path = TSKBoolFormatter.h; sourceTree = "<group>"; };
		32F5C2A72398A2C100FB7839 /* TSKBundleLoader.h */ = {isa = PBXFileReference; lastKnownFileType = sourcecode.c.h; path = TSKBundleLoader.h; sourceTree = "<group>"; };
		32F5C2A82398A2C100FB7839 /* TSKCellUpdating.h */ = {isa = PBXFileReference; lastKnownFileType = sourcecode.c.h; path = TSKCellUpdating.h; sourceTree = "<group>"; };
		32F5C2A92398A2C100FB7839 /* TSKCollectionChange.h */ = {isa = PBXFileReference; lastKnownFileType = sourcecode.c.h; path = TSKCollectionChange.h; sourceTree = "<group>"; };
		32F5C2AA2398A2C100FB7839 /* TSKCollectionComparator.h */ = {isa = PBXFileReference; lastKnownFileType = sourcecode.c.h; path = TSKCollectionComparator.h; sourceTree = "<group>"; };
		32F5C2AB2398A2C100FB7839 /* TSKKonamiCode.h */ = {isa = PBXFileReference; lastKnownFileType = sourcecode.c.h; path = TSKKonamiCode.h; sourceTree = "<group>"; };
		32F5C2AC2398A2C100FB7839 /* TSKListSettingGroup.h */ = {isa = PBXFileReference; lastKnownFileType = sourcecode.c.h; path = TSKListSettingGroup.h; sourceTree = "<group>"; };
		32F5C2AD2398A2C100FB7839 /* TSKMappingFormatter.h */ = {isa = PBXFileReference; lastKnownFileType = sourcecode.c.h; path = TSKMappingFormatter.h; sourceTree = "<group>"; };
		32F5C2AE2398A2C100FB7839 /* TSKMultiValueViewController.h */ = {isa = PBXFileReference; lastKnownFileType = sourcecode.c.h; path = TSKMultiValueViewController.h; sourceTree = "<group>"; };
		32F5C2AF2398A2C100FB7839 /* TSKPieChartItem.h */ = {isa = PBXFileReference; lastKnownFileType = sourcecode.c.h; path = TSKPieChartItem.h; sourceTree = "<group>"; };
		32F5C2B02398A2C100FB7839 /* TSKPieChartPreviewViewController.h */ = {isa = PBXFileReference; lastKnownFileType = sourcecode.c.h; path = TSKPieChartPreviewViewController.h; sourceTree = "<group>"; };
		32F5C2B12398A2C100FB7839 /* TSKPieChartView.h */ = {isa = PBXFileReference; lastKnownFileType = sourcecode.c.h; path = TSKPieChartView.h; sourceTree = "<group>"; };
		32F5C2B22398A2C100FB7839 /* TSKPreferencesFacade.h */ = {isa = PBXFileReference; lastKnownFileType = sourcecode.c.h; path = TSKPreferencesFacade.h; sourceTree = "<group>"; };
		32F5C2B32398A2C100FB7839 /* TSKPreviewing.h */ = {isa = PBXFileReference; lastKnownFileType = sourcecode.c.h; path = TSKPreviewing.h; sourceTree = "<group>"; };
		32F5C2B42398A2C100FB7839 /* TSKPreviewingDelegate.h */ = {isa = PBXFileReference; lastKnownFileType = sourcecode.c.h; path = TSKPreviewingDelegate.h; sourceTree = "<group>"; };
		32F5C2B52398A2C100FB7839 /* TSKPreviewViewController.h */ = {isa = PBXFileReference; lastKnownFileType = sourcecode.c.h; path = TSKPreviewViewController.h; sourceTree = "<group>"; };
		32F5C2B62398A2C100FB7839 /* TSKRadioSettingGroup.h */ = {isa = PBXFileReference; lastKnownFileType = sourcecode.c.h; path = TSKRadioSettingGroup.h; sourceTree = "<group>"; };
		32F5C2B72398A2C100FB7839 /* TSKSettingGroup.h */ = {isa = PBXFileReference; lastKnownFileType = sourcecode.c.h; path = TSKSettingGroup.h; sourceTree = "<group>"; };
		32F5C2B82398A2C100FB7839 /* TSKSettingGroupDelegate.h */ = {isa = PBXFileReference; lastKnownFileType = sourcecode.c.h; path = TSKSettingGroupDelegate.h; sourceTree = "<group>"; };
		32F5C2B92398A2C100FB7839 /* TSKSettingItem.h */ = {isa = PBXFileReference; lastKnownFileType = sourcecode.c.h; path = TSKSettingItem.h; sourceTree = "<group>"; };
		32F5C2BA2398A2C100FB7839 /* TSKSettingItemEditingController.h */ = {isa = PBXFileReference; lastKnownFileType = sourcecode.c.h; path = TSKSettingItemEditingController.h; sourceTree = "<group>"; };
		32F5C2BB2398A2C100FB7839 /* TSKSettingItemEditingControllerDelegate.h */ = {isa = PBXFileReference; lastKnownFileType = sourcecode.c.h; path = TSKSettingItemEditingControllerDelegate.h; sourceTree = "<group>"; };
		32F5C2BC2398A2C100FB7839 /* TSKSettingItemUtilities.h */ = {isa = PBXFileReference; lastKnownFileType = sourcecode.c.h; path = TSKSettingItemUtilities.h; sourceTree = "<group>"; };
		32F5C2BD2398A2C100FB7839 /* TSKShadowView.h */ = {isa = PBXFileReference; lastKnownFileType = sourcecode.c.h; path = TSKShadowView.h; sourceTree = "<group>"; };
		32F5C2BE2398A2C100FB7839 /* TSKTableView.h */ = {isa = PBXFileReference; lastKnownFileType = sourcecode.c.h; path = TSKTableView.h; sourceTree = "<group>"; };
		32F5C2BF2398A2C100FB7839 /* TSKTableViewController.h */ = {isa = PBXFileReference; lastKnownFileType = sourcecode.c.h; path = TSKTableViewController.h; sourceTree = "<group>"; };
		32F5C2C02398A2C100FB7839 /* TSKTableViewDelegate.h */ = {isa = PBXFileReference; lastKnownFileType = sourcecode.c.h; path = TSKTableViewDelegate.h; sourceTree = "<group>"; };
		32F5C2C12398A2C100FB7839 /* TSKTableViewHeaderFooterView.h */ = {isa = PBXFileReference; lastKnownFileType = sourcecode.c.h; path = TSKTableViewHeaderFooterView.h; sourceTree = "<group>"; };
		32F5C2C22398A2C100FB7839 /* TSKTableViewSectionDividerView.h */ = {isa = PBXFileReference; lastKnownFileType = sourcecode.c.h; path = TSKTableViewSectionDividerView.h; sourceTree = "<group>"; };
		32F5C2C32398A2C100FB7839 /* TSKTableViewSubtitleTextCell.h */ = {isa = PBXFileReference; lastKnownFileType = sourcecode.c.h; path = TSKTableViewSubtitleTextCell.h; sourceTree = "<group>"; };
		32F5C2C42398A2C100FB7839 /* TSKTableViewTextCell.h */ = {isa = PBXFileReference; lastKnownFileType = sourcecode.c.h; path = TSKTableViewTextCell.h; sourceTree = "<group>"; };
		32F5C2C52398A2C100FB7839 /* TSKTextInputSettingItem.h */ = {isa = PBXFileReference; lastKnownFileType = sourcecode.c.h; path = TSKTextInputSettingItem.h; sourceTree = "<group>"; };
		32F5C2C62398A2C100FB7839 /* TSKTextInputViewController.h */ = {isa = PBXFileReference; lastKnownFileType = sourcecode.c.h; path = TSKTextInputViewController.h; sourceTree = "<group>"; };
		32F5C2C72398A2C100FB7839 /* TSKVibrantImageView.h */ = {isa = PBXFileReference; lastKnownFileType = sourcecode.c.h; path = TSKVibrantImageView.h; sourceTree = "<group>"; };
		32F5C2C82398A2C100FB7839 /* TSKViewController.h */ = {isa = PBXFileReference; lastKnownFileType = sourcecode.c.h; path = TSKViewController.h; sourceTree = "<group>"; };
		32F5C2C92398A2C100FB7839 /* TVSettingKit-Structs.h */ = {isa = PBXFileReference; lastKnownFileType = sourcecode.c.h; path = "TVSettingKit-Structs.h"; sourceTree = "<group>"; };
		32F5C2CA2398A2C100FB7839 /* TVSettingKit.h */ = {isa = PBXFileReference; lastKnownFileType = sourcecode.c.h; path = TVSettingKit.h; sourceTree = "<group>"; };
		32F5C2CB2398A2C100FB7839 /* TVSUITextEntryControllerDelegate.h */ = {isa = PBXFileReference; lastKnownFileType = sourcecode.c.h; path = TVSUITextEntryControllerDelegate.h; sourceTree = "<group>"; };
		32F5C2CC2398A2C100FB7839 /* UIGestureRecognizerDelegate.h */ = {isa = PBXFileReference; lastKnownFileType = sourcecode.c.h; path = UIGestureRecognizerDelegate.h; sourceTree = "<group>"; };
		32F5C2CD2398A2C100FB7839 /* UINavigationControllerDelegate.h */ = {isa = PBXFileReference; lastKnownFileType = sourcecode.c.h; path = UINavigationControllerDelegate.h; sourceTree = "<group>"; };
		32F5C2CE2398A2C100FB7839 /* UIViewControllerAnimatedTransitioning.h */ = {isa = PBXFileReference; lastKnownFileType = sourcecode.c.h; path = UIViewControllerAnimatedTransitioning.h; sourceTree = "<group>"; };
		32F5C2D42398A33B00FB7839 /* ent.plist */ = {isa = PBXFileReference; lastKnownFileType = text.plist.xml; path = ent.plist; sourceTree = "<group>"; };
		32F5C2D62398A33B00FB7839 /* breezyd.m */ = {isa = PBXFileReference; lastKnownFileType = sourcecode.c.objc; path = breezyd.m; sourceTree = "<group>"; };
		32F5C2D72398A33B00FB7839 /* make.sh */ = {isa = PBXFileReference; lastKnownFileType = text.script.sh; path = make.sh; sourceTree = "<group>"; };
		32F5C2D82398A33B00FB7839 /* MediaRemote.framework */ = {isa = PBXFileReference; lastKnownFileType = wrapper.framework; path = MediaRemote.framework; sourceTree = "<group>"; };
		32F5C2D92398A33B00FB7839 /* Sharing.framework */ = {isa = PBXFileReference; lastKnownFileType = wrapper.framework; path = Sharing.framework; sourceTree = "<group>"; };
		32F5C2DA2398A33B00FB7839 /* TVSPreferences.h */ = {isa = PBXFileReference; lastKnownFileType = sourcecode.c.h; path = TVSPreferences.h; sourceTree = "<group>"; };
		32F79BA1235F80F600489C53 /* Breezy.app */ = {isa = PBXFileReference; explicitFileType = wrapper.application; includeInIndex = 0; path = Breezy.app; sourceTree = BUILT_PRODUCTS_DIR; };
		32F79BB8235F818100489C53 /* FindProcess.m */ = {isa = PBXFileReference; fileEncoding = 4; lastKnownFileType = sourcecode.c.objc; path = FindProcess.m; sourceTree = "<group>"; };
		32F79BB9235F818100489C53 /* NSObject+CD.h */ = {isa = PBXFileReference; fileEncoding = 4; lastKnownFileType = sourcecode.c.h; path = "NSObject+CD.h"; sourceTree = "<group>"; };
		32F79BBA235F818100489C53 /* Makefile */ = {isa = PBXFileReference; fileEncoding = 4; lastKnownFileType = sourcecode.make; path = Makefile; sourceTree = "<group>"; };
		32F79BBB235F818100489C53 /* make.sh */ = {isa = PBXFileReference; fileEncoding = 4; lastKnownFileType = text.script.sh; path = make.sh; sourceTree = "<group>"; };
		32F79BBC235F818100489C53 /* NSObject+CD.m */ = {isa = PBXFileReference; fileEncoding = 4; lastKnownFileType = sourcecode.c.objc; path = "NSObject+CD.m"; sourceTree = "<group>"; };
		32F79BBD235F818100489C53 /* Breezy.xm */ = {isa = PBXFileReference; explicitFileType = sourcecode.c.objc.preprocessed; fileEncoding = 4; path = Breezy.xm; sourceTree = "<group>"; };
		32F79BBE235F818100489C53 /* FindProcess.h */ = {isa = PBXFileReference; fileEncoding = 4; lastKnownFileType = sourcecode.c.h; path = FindProcess.h; sourceTree = "<group>"; };
		32F79BBF235F818100489C53 /* Breezy.plist */ = {isa = PBXFileReference; lastKnownFileType = text.plist; path = Breezy.plist; sourceTree = "<group>"; };
		32F79BDA235F819300489C53 /* provscience.dylib */ = {isa = PBXFileReference; lastKnownFileType = "compiled.mach-o.dylib"; path = provscience.dylib; sourceTree = "<group>"; };
		32F79BDB235F819300489C53 /* provscience.plist */ = {isa = PBXFileReference; lastKnownFileType = text.plist; path = provscience.plist; sourceTree = "<group>"; };
		32F79BDC235F819300489C53 /* build_session */ = {isa = PBXFileReference; lastKnownFileType = text; path = build_session; sourceTree = "<group>"; };
		32F79BE0235F819300489C53 /* .stamp */ = {isa = PBXFileReference; lastKnownFileType = text; path = .stamp; sourceTree = "<group>"; };
		32F79BE2235F819300489C53 /* provscience.dylib */ = {isa = PBXFileReference; lastKnownFileType = "compiled.mach-o.dylib"; path = provscience.dylib; sourceTree = "<group>"; };
		32F79BE3235F819300489C53 /* provscience.dylib.dSYM */ = {isa = PBXFileReference; lastKnownFileType = wrapper.dsym; path = provscience.dylib.dSYM; sourceTree = "<group>"; };
		32F79BE4235F819300489C53 /* Tweak.x.275ae93f.o */ = {isa = PBXFileReference; lastKnownFileType = "compiled.mach-o.objfile"; path = Tweak.x.275ae93f.o; sourceTree = "<group>"; };
		32F79BE5235F819300489C53 /* Tweak.x.275ae93f.Td */ = {isa = PBXFileReference; lastKnownFileType = text; path = Tweak.x.275ae93f.Td; sourceTree = "<group>"; };
		32F79BE6235F819300489C53 /* Tweak.x.m */ = {isa = PBXFileReference; lastKnownFileType = sourcecode.c.objc; path = Tweak.x.m; sourceTree = "<group>"; };
		32F79BE7235F819300489C53 /* provscience.dylib */ = {isa = PBXFileReference; lastKnownFileType = "compiled.mach-o.dylib"; path = provscience.dylib; sourceTree = "<group>"; };
		32F79BE8235F819300489C53 /* Makefile */ = {isa = PBXFileReference; lastKnownFileType = sourcecode.make; path = Makefile; sourceTree = "<group>"; };
		32F79BE9235F819300489C53 /* provscience.plist */ = {isa = PBXFileReference; lastKnownFileType = text.plist; path = provscience.plist; sourceTree = "<group>"; };
		32F79BEA235F819300489C53 /* provscience.xcodeproj */ = {isa = PBXFileReference; lastKnownFileType = "wrapper.pb-project"; path = provscience.xcodeproj; sourceTree = "<group>"; };
		32F79BED235F819300489C53 /* Tweak.x */ = {isa = PBXFileReference; explicitFileType = sourcecode.c.objc.preprocessed; path = Tweak.x; sourceTree = "<group>"; };
		32F79BFC235F81A000489C53 /* Makefile */ = {isa = PBXFileReference; lastKnownFileType = sourcecode.make; path = Makefile; sourceTree = "<group>"; };
		32F79BFD235F81A000489C53 /* VLC.x */ = {isa = PBXFileReference; explicitFileType = sourcecode.c.objc; path = VLC.x; sourceTree = "<group>"; };
		32F79BFE235F81A000489C53 /* vlcscience.plist */ = {isa = PBXFileReference; lastKnownFileType = text.plist; path = vlcscience.plist; sourceTree = "<group>"; };
		32F79BFF235F81A000489C53 /* vlcscience.xcodeproj */ = {isa = PBXFileReference; lastKnownFileType = "wrapper.pb-project"; path = vlcscience.xcodeproj; sourceTree = "<group>"; };
		32F79C04235F81AE00489C53 /* SVIndefiniteAnimatedView.h */ = {isa = PBXFileReference; fileEncoding = 4; lastKnownFileType = sourcecode.c.h; path = SVIndefiniteAnimatedView.h; sourceTree = "<group>"; };
		32F79C05235F81AE00489C53 /* SVIndefiniteAnimatedView.m */ = {isa = PBXFileReference; fileEncoding = 4; lastKnownFileType = sourcecode.c.objc; path = SVIndefiniteAnimatedView.m; sourceTree = "<group>"; };
		32F79C06235F81AE00489C53 /* SVProgressHUD.h */ = {isa = PBXFileReference; fileEncoding = 4; lastKnownFileType = sourcecode.c.h; path = SVProgressHUD.h; sourceTree = "<group>"; };
		32F79C07235F81AE00489C53 /* SVProgressHUD.m */ = {isa = PBXFileReference; fileEncoding = 4; lastKnownFileType = sourcecode.c.objc; path = SVProgressHUD.m; sourceTree = "<group>"; };
		32F79C08235F81AE00489C53 /* SVRadialGradientLayer.h */ = {isa = PBXFileReference; fileEncoding = 4; lastKnownFileType = sourcecode.c.h; path = SVRadialGradientLayer.h; sourceTree = "<group>"; };
		32F79C09235F81AE00489C53 /* SVRadialGradientLayer.m */ = {isa = PBXFileReference; fileEncoding = 4; lastKnownFileType = sourcecode.c.objc; path = SVRadialGradientLayer.m; sourceTree = "<group>"; };
		32F79C0D235F8B5C00489C53 /* breezy.h */ = {isa = PBXFileReference; lastKnownFileType = sourcecode.c.h; path = breezy.h; sourceTree = "<group>"; };
/* End PBXFileReference section */

/* Begin PBXFrameworksBuildPhase section */
		32F79B9E235F80F600489C53 /* Frameworks */ = {
			isa = PBXFrameworksBuildPhase;
			buildActionMask = 2147483647;
			files = (
			);
			runOnlyForDeploymentPostprocessing = 0;
		};
/* End PBXFrameworksBuildPhase section */

/* Begin PBXGroup section */
		323DEA6723C4038C0074A8AE /* Research */ = {
			isa = PBXGroup;
			children = (
				323DEA6823C4038C0074A8AE /* 13 */,
				323DEA6B23C4038C0074A8AE /* CoreServices */,
				323DEA7823C4038C0074A8AE /* MobileContainerManager */,
				323DEA8B23C4038C0074A8AE /* Sharing framework */,
				323DEAA523C4038C0074A8AE /* sharingd daemon */,
			);
			path = Research;
			sourceTree = "<group>";
		};
		323DEA6823C4038C0074A8AE /* 13 */ = {
			isa = PBXGroup;
			children = (
				323DEA6923C4038C0074A8AE /* PBContentPresentingContainmentViewController.h */,
				323DEA6A23C4038C0074A8AE /* PBSystemOverlayContentDelegate.h */,
			);
			path = 13;
			sourceTree = "<group>";
		};
		323DEA6B23C4038C0074A8AE /* CoreServices */ = {
			isa = PBXGroup;
			children = (
				323DEA6C23C4038C0074A8AE /* LSApplicationProxy.h */,
				323DEA6D23C4038C0074A8AE /* LSApplicationRestrictionsManager.h */,
				323DEA6E23C4038C0074A8AE /* LSApplicationWorkspace.h */,
				323DEA6F23C4038C0074A8AE /* LSApplicationWorkspaceObserver.h */,
				323DEA7023C4038C0074A8AE /* LSApplicationWorkspaceObserverProtocol.h */,
				323DEA7123C4038C0074A8AE /* LSApplicationWorkspaceRemoteObserver.h */,
				323DEA7223C4038C0074A8AE /* LSAppLink.h */,
				323DEA7323C4038C0074A8AE /* LSBundleInfoCachedValues.h */,
				323DEA7423C4038C0074A8AE /* LSBundleProxy.h */,
				323DEA7523C4038C0074A8AE /* LSBundleRecordBuilder.h */,
				323DEA7623C4038C0074A8AE /* LSBundleRecordUpdater.h */,
				323DEA7723C4038C0074A8AE /* LSDatabaseBuilder.h */,
			);
			path = CoreServices;
			sourceTree = "<group>";
		};
		323DEA7823C4038C0074A8AE /* MobileContainerManager */ = {
			isa = PBXGroup;
			children = (
				323DEA7923C4038C0074A8AE /* MCMAppContainer.h */,
				323DEA7A23C4038C0074A8AE /* MCMAppDataContainer.h */,
				323DEA7B23C4038C0074A8AE /* MCMContainer.h */,
				323DEA7C23C4038C0074A8AE /* MCMContainerManager.h */,
				323DEA7D23C4038C0074A8AE /* MCMDataContainer.h */,
				323DEA7E23C4038C0074A8AE /* MCMFrameworkContainer.h */,
				323DEA7F23C4038C0074A8AE /* MCMInternalDaemonDataContainer.h */,
				323DEA8023C4038C0074A8AE /* MCMPluginKitPluginContainer.h */,
				323DEA8123C4038C0074A8AE /* MCMPluginKitPluginDataContainer.h */,
				323DEA8223C4038C0074A8AE /* MCMSharedDataContainer.h */,
				323DEA8323C4038C0074A8AE /* MCMSharedSystemDataContainer.h */,
				323DEA8423C4038C0074A8AE /* MCMSystemDataContainer.h */,
				323DEA8523C4038C0074A8AE /* MCMTempDirDataContainer.h */,
				323DEA8623C4038C0074A8AE /* MCMVPNPluginContainer.h */,
				323DEA8723C4038C0074A8AE /* MCMVPNPluginDataContainer.h */,
				323DEA8823C4038C0074A8AE /* MCMXPCServiceDataContainer.h */,
				323DEA8923C4038C0074A8AE /* MobileContainerManager-Structs.h */,
				323DEA8A23C4038C0074A8AE /* MobileContainerManager.h */,
			);
			path = MobileContainerManager;
			sourceTree = "<group>";
		};
		323DEA8B23C4038C0074A8AE /* Sharing framework */ = {
			isa = PBXGroup;
			children = (
				323DEA8C23C4038C0074A8AE /* NSXPCConnectionDelegate.h */,
				323DEA8D23C4038C0074A8AE /* SFAirDropAction.h */,
				323DEA8E23C4038C0074A8AE /* SFAirDropActiveIconView.h */,
				323DEA8F23C4038C0074A8AE /* SFAirDropActivityViewController.h */,
				323DEA9023C4038C0074A8AE /* SFAirDropActivityViewControllerDelegate.h */,
				323DEA9123C4038C0074A8AE /* SFAirDropBrowser.h */,
				323DEA9223C4038C0074A8AE /* SFAirDropBrowserBatchDelegate.h */,
				323DEA9323C4038C0074A8AE /* SFAirDropClassroomTransferManager.h */,
				323DEA9423C4038C0074A8AE /* SFAirDropClassroomTransferManagerProtocol.h */,
				323DEA9523C4038C0074A8AE /* SFAirDropDiscoveryController.h */,
				323DEA9623C4038C0074A8AE /* SFAirDropIconView.h */,
				323DEA9723C4038C0074A8AE /* SFAirDropNode.h */,
				323DEA9823C4038C0074A8AE /* SFAirDropPayload.h */,
				323DEA9923C4038C0074A8AE /* SFAirDropReceiverViewController.h */,
				323DEA9A23C4038C0074A8AE /* SFAirDropSharingViewControllerTV.h */,
				323DEA9B23C4038C0074A8AE /* SFAirDropTransfer.h */,
				323DEA9C23C4038C0074A8AE /* SFAirDropTransferItem.h */,
				323DEA9D23C4038C0074A8AE /* SFAirDropTransferMetaData.h */,
				323DEA9E23C4038C0074A8AE /* SFAirDropTransferObserver.h */,
				323DEA9F23C4038C0074A8AE /* SFAirDropTransferObserverProtocol.h */,
				323DEAA023C4038C0074A8AE /* SFAirDropViewServiceHostProtocol.h */,
				323DEAA123C4038C0074A8AE /* SFCompanionXPCManager.h */,
				323DEAA223C4038C0074A8AE /* SFCompanionXPCManagerObserver.h */,
				323DEAA323C4038C0074A8AE /* SFXPCClient.h */,
				323DEAA423C4038C0074A8AE /* SFXPCInterface.h */,
			);
			path = "Sharing framework";
			sourceTree = "<group>";
		};
		323DEAA523C4038C0074A8AE /* sharingd daemon */ = {
			isa = PBXGroup;
			children = (
				323DEAA623C4038C0074A8AE /* SDAirDropHandlerGenericFiles.h */,
				323DEAA723C4038C0074A8AE /* SDAirDropTransferManager.h */,
				323DEAA823C4038C0074A8AE /* SDAirDropTransferManager.m */,
				323DEAA923C4038C0074A8AE /* Untapped AirDrop Details */,
			);
			path = "sharingd daemon";
			sourceTree = "<group>";
		};
		323DEAA923C4038C0074A8AE /* Untapped AirDrop Details */ = {
			isa = PBXGroup;
			children = (
				323DEAAA23C4038C0074A8AE /* _TtC8sharingd15SDAirDropLogger.h */,
				323DEAAB23C4038C0074A8AE /* _TtC8sharingd15SDAirDropStatus.h */,
				323DEAAC23C4038C0074A8AE /* _TtC8sharingd17SDAirDropListener.h */,
				323DEAAD23C4038C0074A8AE /* _TtC8sharingd19SDAirDropHandlerIPA.h */,
				323DEAAE23C4038C0074A8AE /* _TtC8sharingd21SDAirDropHashStoreCDB.h */,
				323DEAAF23C4038C0074A8AE /* _TtC8sharingd26SDAirDropHashStoreInMemory.h */,
				323DEAB023C4038C0074A8AE /* _TtC8sharingd27SDAirDropContactHashManager-sharingd.h */,
				323DEAB123C4038C0074A8AE /* _TtC8sharingd27SDAirDropContactHashManager.h */,
				323DEAB223C4038C0074A8AE /* _TtP8sharingd23SDAirDropStatusDelegate_-Protocol.h */,
				323DEAB323C4038C0074A8AE /* _TtP8sharingd25SDAirDropListenerDelegate_-Protocol.h */,
				323DEAB423C4038C0074A8AE /* AWDSharingAirDropPeerDiscoveredInfo.h */,
				323DEAB523C4038C0074A8AE /* AWDSharingAirDropSessionInfo.h */,
				323DEAB623C4038C0074A8AE /* AWDSharingAirDropTransferResult.h */,
				323DEAB723C4038C0074A8AE /* SDAirDropAlertManager-Protocol.h */,
				323DEAB823C4038C0074A8AE /* SDAirDropAlertManagerDelegate-Protocol.h */,
				323DEAB923C4038C0074A8AE /* SDAirDropClassroomTransferManager.h */,
				323DEABA23C4038C0074A8AE /* SDAirDropClassroomTransferManagerProtocol-Protocol.h */,
				323DEABB23C4038C0074A8AE /* SDAirDropClient.h */,
				323DEABC23C4038C0074A8AE /* SDAirDropClientDelegate-Protocol.h */,
				323DEABD23C4038C0074A8AE /* SDAirDropCompressor.h */,
				323DEABE23C4038C0074A8AE /* SDAirDropConnection.h */,
				323DEABF23C4038C0074A8AE /* SDAirDropConnectionDelegate-Protocol.h */,
				323DEAC023C4038C0074A8AE /* SDAirDropController.h */,
				323DEAC123C4038C0074A8AE /* SDAirDropControllerDelegate-Protocol.h */,
				323DEAC223C4038C0074A8AE /* SDAirDropFakeTransfer.h */,
				323DEAC323C4038C0074A8AE /* SDAirDropFileZipper.h */,
				323DEAC423C4038C0074A8AE /* SDAirDropFileZipperDelegate-Protocol.h */,
				323DEAC523C4038C0074A8AE /* SDAirDropHandler.h */,
				323DEAC623C4038C0074A8AE /* SDAirDropHandlerAppStoreLinks.h */,
				323DEAC723C4038C0074A8AE /* SDAirDropHandlerCalendarEvents.h */,
				323DEAC823C4038C0074A8AE /* SDAirDropHandlerContacts.h */,
				323DEAC923C4038C0074A8AE /* SDAirDropHandlerCredentialLinks.h */,
				323DEACA23C4038C0074A8AE /* SDAirDropHandlerFailed.h */,
				323DEACB23C4038C0074A8AE /* SDAirDropHandlerFailedMixedTypes.h */,
				323DEACC23C4038C0074A8AE /* SDAirDropHandlerFindMyFriendsLinks.h */,
				323DEACD23C4038C0074A8AE /* SDAirDropHandlerGenericLinks.h */,
				323DEACE23C4038C0074A8AE /* SDAirDropHandleriBooksItems.h */,
				323DEACF23C4038C0074A8AE /* SDAirDropHandleriBooksLinks.h */,
				323DEAD023C4038C0074A8AE /* SDAirDropHandleriCloudDrive.h */,
				323DEAD123C4038C0074A8AE /* SDAirDropHandleriLifeLinks.h */,
				323DEAD223C4038C0074A8AE /* SDAirDropHandleriTunesStoreLinks.h */,
				323DEAD323C4038C0074A8AE /* SDAirDropHandleriTunesULinks.h */,
				323DEAD423C4038C0074A8AE /* SDAirDropHandleriWorkLinks.h */,
				323DEAD523C4038C0074A8AE /* SDAirDropHandlerKeynoteLiveLinks.h */,
				323DEAD623C4038C0074A8AE /* SDAirDropHandlerMapsLinks.h */,
				323DEAD723C4038C0074A8AE /* SDAirDropHandlerMixedTypes.h */,
				323DEAD823C4038C0074A8AE /* SDAirDropHandlerNewsLinks.h */,
				323DEAD923C4038C0074A8AE /* SDAirDropHandlerNotes.h */,
				323DEADA23C4038C0074A8AE /* SDAirDropHandlerPDFs.h */,
				323DEADB23C4038C0074A8AE /* SDAirDropHandlerPhoneLinks.h */,
				323DEADC23C4038C0074A8AE /* SDAirDropHandlerPhotos.h */,
				323DEADD23C4038C0074A8AE /* SDAirDropHandlerPlaygroundItems.h */,
				323DEADE23C4038C0074A8AE /* SDAirDropHandlerPodcastsLinks.h */,
				323DEADF23C4038C0074A8AE /* SDAirDropHandlerProfiles.h */,
				323DEAE023C4038C0074A8AE /* SDAirDropHandlerSharediCloudDocumentsLinks.h */,
				323DEAE123C4038C0074A8AE /* SDAirDropHandlerUnsupportedType.h */,
				323DEAE223C4038C0074A8AE /* SDAirDropHandlerVoiceMails.h */,
				323DEAE323C4038C0074A8AE /* SDAirDropHandlerVoiceMemos.h */,
				323DEAE423C4038C0074A8AE /* SDAirDropHandlerWalletItems.h */,
				323DEAE523C4038C0074A8AE /* SDAirDropHandlerWebLinks.h */,
				323DEAE623C4038C0074A8AE /* SDAirDropIconCacher.h */,
				323DEAE723C4038C0074A8AE /* SDAirDropIconCacherDelegate-Protocol.h */,
				323DEAE823C4038C0074A8AE /* SDAirDropInformation.h */,
				323DEAE923C4038C0074A8AE /* SDAirDropInformationDelegate-Protocol.h */,
				323DEAEA23C4038C0074A8AE /* SDAirDropPeerMetric.h */,
				323DEAEB23C4038C0074A8AE /* SDAirDropPublisher.h */,
				323DEAEC23C4038C0074A8AE /* SDAirDropPublisherDelegate-Protocol.h */,
				323DEAED23C4038C0074A8AE /* SDAirDropReceiveManager.h */,
				323DEAEE23C4038C0074A8AE /* SDAirDropServer.h */,
				323DEAEF23C4038C0074A8AE /* SDAirDropServerDelegate-Protocol.h */,
				323DEAF023C4038C0074A8AE /* SDAirDropSession.h */,
				323DEAF123C4038C0074A8AE /* SDAirDropSessionDelegate-Protocol.h */,
				323DEAF223C4038C0074A8AE /* SDAirDropTransferManagerProtocol-Protocol.h */,
				323DEAF323C4038C0074A8AE /* SFAirDropClassroomTransferDelegate-Protocol.h */,
				323DEAF423C4038C0074A8AE /* SFAirDropClassroomTransferManagerProtocol-Protocol.h */,
				323DEAF523C4038C0074A8AE /* SFAirDropTransferObserverDelegate-Protocol.h */,
				323DEAF623C4038C0074A8AE /* SFAirDropTransferObserverProtocol-Protocol.h */,
			);
			path = "Untapped AirDrop Details";
			sourceTree = "<group>";
		};
		328495F423BE7438009DDE26 /* MobileContainerManager */ = {
			isa = PBXGroup;
			children = (
				328495F523BE7438009DDE26 /* MCMAppContainer.h */,
				328495F623BE7438009DDE26 /* MCMAppDataContainer.h */,
				328495F723BE7438009DDE26 /* MCMContainer.h */,
				328495F823BE7438009DDE26 /* MCMContainerManager.h */,
				328495F923BE7438009DDE26 /* MCMDataContainer.h */,
				328495FA23BE7438009DDE26 /* MCMFrameworkContainer.h */,
				328495FB23BE7438009DDE26 /* MCMInternalDaemonDataContainer.h */,
				328495FC23BE7438009DDE26 /* MCMPluginKitPluginContainer.h */,
				328495FD23BE7438009DDE26 /* MCMPluginKitPluginDataContainer.h */,
				328495FE23BE7438009DDE26 /* MCMSharedDataContainer.h */,
				328495FF23BE7438009DDE26 /* MCMSharedSystemDataContainer.h */,
				3284960023BE7438009DDE26 /* MCMSystemDataContainer.h */,
				3284960123BE7438009DDE26 /* MCMTempDirDataContainer.h */,
				3284960223BE7438009DDE26 /* MCMVPNPluginContainer.h */,
				3284960323BE7438009DDE26 /* MCMVPNPluginDataContainer.h */,
				3284960423BE7438009DDE26 /* MCMXPCServiceDataContainer.h */,
				3284960523BE7438009DDE26 /* MobileContainerManager-Structs.h */,
				3284960623BE7438009DDE26 /* MobileContainerManager.h */,
			);
			name = MobileContainerManager;
			path = Research/MobileContainerManager;
			sourceTree = "<group>";
		};
		32F5C26C2398A2C100FB7839 /* bundle */ = {
			isa = PBXGroup;
			children = (
				32F5C2852398A2C100FB7839 /* BreezySettings.h */,
				32F5C2862398A2C100FB7839 /* BreezySettings.m */,
				32F5C2872398A2C100FB7839 /* ent.plist */,
				32F5C2882398A2C100FB7839 /* entry.plist */,
				32F5C2892398A2C100FB7839 /* layout */,
				32F5C2902398A2C100FB7839 /* Makefile */,
				32F5C2912398A2C100FB7839 /* NSTask.h */,
				32F5C2922398A2C100FB7839 /* prefs.h */,
				32F5C2942398A2C100FB7839 /* Resources */,
				32F5C2972398A2C100FB7839 /* Sharing.tbd */,
				32F5C2982398A2C100FB7839 /* TVSettings */,
				32F5C29B2398A2C100FB7839 /* TVSettingsKit */,
			);
			path = bundle;
			sourceTree = "<group>";
		};
		32F5C2892398A2C100FB7839 /* layout */ = {
			isa = PBXGroup;
			children = (
				32F5C28A2398A2C100FB7839 /* DEBIAN */,
				32F5C28C2398A2C100FB7839 /* Library */,
			);
			path = layout;
			sourceTree = "<group>";
		};
		32F5C28A2398A2C100FB7839 /* DEBIAN */ = {
			isa = PBXGroup;
			children = (
				32F5C28B2398A2C100FB7839 /* control */,
			);
			path = DEBIAN;
			sourceTree = "<group>";
		};
		32F5C28C2398A2C100FB7839 /* Library */ = {
			isa = PBXGroup;
			children = (
				32F5C28D2398A2C100FB7839 /* PreferenceLoader */,
			);
			path = Library;
			sourceTree = "<group>";
		};
		32F5C28D2398A2C100FB7839 /* PreferenceLoader */ = {
			isa = PBXGroup;
			children = (
				32F5C28E2398A2C100FB7839 /* Preferences */,
			);
			path = PreferenceLoader;
			sourceTree = "<group>";
		};
		32F5C28E2398A2C100FB7839 /* Preferences */ = {
			isa = PBXGroup;
			children = (
			);
			path = Preferences;
			sourceTree = "<group>";
		};
		32F5C2942398A2C100FB7839 /* Resources */ = {
			isa = PBXGroup;
			children = (
				32F5C2952398A2C100FB7839 /* icon.jpg */,
				32F5C2962398A2C100FB7839 /* Info.plist */,
			);
			path = Resources;
			sourceTree = "<group>";
		};
		32F5C2982398A2C100FB7839 /* TVSettings */ = {
			isa = PBXGroup;
			children = (
				32F5C2992398A2C100FB7839 /* TSKPreviewViewController.h */,
				32F5C29A2398A2C100FB7839 /* TSKVibrantImageView.h */,
			);
			path = TVSettings;
			sourceTree = "<group>";
		};
		32F5C29B2398A2C100FB7839 /* TVSettingsKit */ = {
			isa = PBXGroup;
			children = (
				32F5C29C2398A2C100FB7839 /* _TSKAnimatorDelegate.h */,
				32F5C29D2398A2C100FB7839 /* _TSKContentContainerView.h */,
				32F5C29E2398A2C100FB7839 /* _TSKSliceLayer.h */,
				32F5C29F2398A2C100FB7839 /* _TSKSlideAnimator.h */,
				32F5C2A02398A2C100FB7839 /* _TSKSplitViewController.h */,
				32F5C2A12398A2C100FB7839 /* _TSKZoomAnimator.h */,
				32F5C2A22398A2C100FB7839 /* SFPasswordSharingServiceDelegate.h */,
				32F5C2A32398A2C100FB7839 /* TSKAggregateSettingGroup.h */,
				32F5C2A42398A2C100FB7839 /* TSKAppIconPreviewViewController.h */,
				32F5C2A52398A2C100FB7839 /* TSKBaseTableViewCell.h */,
				32F5C2A62398A2C100FB7839 /* TSKBoolFormatter.h */,
				32F5C2A72398A2C100FB7839 /* TSKBundleLoader.h */,
				32F5C2A82398A2C100FB7839 /* TSKCellUpdating.h */,
				32F5C2A92398A2C100FB7839 /* TSKCollectionChange.h */,
				32F5C2AA2398A2C100FB7839 /* TSKCollectionComparator.h */,
				32F5C2AB2398A2C100FB7839 /* TSKKonamiCode.h */,
				32F5C2AC2398A2C100FB7839 /* TSKListSettingGroup.h */,
				32F5C2AD2398A2C100FB7839 /* TSKMappingFormatter.h */,
				32F5C2AE2398A2C100FB7839 /* TSKMultiValueViewController.h */,
				32F5C2AF2398A2C100FB7839 /* TSKPieChartItem.h */,
				32F5C2B02398A2C100FB7839 /* TSKPieChartPreviewViewController.h */,
				32F5C2B12398A2C100FB7839 /* TSKPieChartView.h */,
				32F5C2B22398A2C100FB7839 /* TSKPreferencesFacade.h */,
				32F5C2B32398A2C100FB7839 /* TSKPreviewing.h */,
				32F5C2B42398A2C100FB7839 /* TSKPreviewingDelegate.h */,
				32F5C2B52398A2C100FB7839 /* TSKPreviewViewController.h */,
				32F5C2B62398A2C100FB7839 /* TSKRadioSettingGroup.h */,
				32F5C2B72398A2C100FB7839 /* TSKSettingGroup.h */,
				32F5C2B82398A2C100FB7839 /* TSKSettingGroupDelegate.h */,
				32F5C2B92398A2C100FB7839 /* TSKSettingItem.h */,
				32F5C2BA2398A2C100FB7839 /* TSKSettingItemEditingController.h */,
				32F5C2BB2398A2C100FB7839 /* TSKSettingItemEditingControllerDelegate.h */,
				32F5C2BC2398A2C100FB7839 /* TSKSettingItemUtilities.h */,
				32F5C2BD2398A2C100FB7839 /* TSKShadowView.h */,
				32F5C2BE2398A2C100FB7839 /* TSKTableView.h */,
				32F5C2BF2398A2C100FB7839 /* TSKTableViewController.h */,
				32F5C2C02398A2C100FB7839 /* TSKTableViewDelegate.h */,
				32F5C2C12398A2C100FB7839 /* TSKTableViewHeaderFooterView.h */,
				32F5C2C22398A2C100FB7839 /* TSKTableViewSectionDividerView.h */,
				32F5C2C32398A2C100FB7839 /* TSKTableViewSubtitleTextCell.h */,
				32F5C2C42398A2C100FB7839 /* TSKTableViewTextCell.h */,
				32F5C2C52398A2C100FB7839 /* TSKTextInputSettingItem.h */,
				32F5C2C62398A2C100FB7839 /* TSKTextInputViewController.h */,
				32F5C2C72398A2C100FB7839 /* TSKVibrantImageView.h */,
				32F5C2C82398A2C100FB7839 /* TSKViewController.h */,
				32F5C2C92398A2C100FB7839 /* TVSettingKit-Structs.h */,
				32F5C2CA2398A2C100FB7839 /* TVSettingKit.h */,
				32F5C2CB2398A2C100FB7839 /* TVSUITextEntryControllerDelegate.h */,
				32F5C2CC2398A2C100FB7839 /* UIGestureRecognizerDelegate.h */,
				32F5C2CD2398A2C100FB7839 /* UINavigationControllerDelegate.h */,
				32F5C2CE2398A2C100FB7839 /* UIViewControllerAnimatedTransitioning.h */,
			);
			path = TVSettingsKit;
			sourceTree = "<group>";
		};
		32F5C2D12398A33B00FB7839 /* breezyd */ = {
			isa = PBXGroup;
			children = (
				32F5C2D42398A33B00FB7839 /* ent.plist */,
				32F5C2D62398A33B00FB7839 /* breezyd.m */,
				32F5C2D72398A33B00FB7839 /* make.sh */,
				32F5C2D82398A33B00FB7839 /* MediaRemote.framework */,
				32F5C2D92398A33B00FB7839 /* Sharing.framework */,
				32F5C2DA2398A33B00FB7839 /* TVSPreferences.h */,
			);
			path = breezyd;
			sourceTree = "<group>";
		};
		32F79B98235F80F600489C53 = {
			isa = PBXGroup;
			children = (
				326E1C8523C53FD10007D826 /* README.md */,
				328495F423BE7438009DDE26 /* MobileContainerManager */,
				32F5C2D12398A33B00FB7839 /* breezyd */,
				32F5C26C2398A2C100FB7839 /* bundle */,
				32F79BB7235F817600489C53 /* Breezy */,
				32F79BFB235F81A000489C53 /* vlcscience */,
				32F79BD4235F819300489C53 /* provscience */,
				32F79BA2235F80F600489C53 /* Products */,
				323DEA6723C4038C0074A8AE /* Research */,
			);
			sourceTree = "<group>";
		};
		32F79BA2235F80F600489C53 /* Products */ = {
			isa = PBXGroup;
			children = (
				32F79BA1235F80F600489C53 /* Breezy.app */,
			);
			name = Products;
			sourceTree = "<group>";
		};
		32F79BB7235F817600489C53 /* Breezy */ = {
			isa = PBXGroup;
			children = (
				32F79C03235F81AE00489C53 /* SVProgressHUD */,
				32F79BBF235F818100489C53 /* Breezy.plist */,
				32F79BBD235F818100489C53 /* Breezy.xm */,
				32F79C0D235F8B5C00489C53 /* breezy.h */,
				326E1C8D23C6D1610007D826 /* CTBlockDescription.h */,
				326E1C9023C6D1610007D826 /* CTBlockDescription.m */,
				32F79BBE235F818100489C53 /* FindProcess.h */,
				32F79BB8235F818100489C53 /* FindProcess.m */,
				32F79BBB235F818100489C53 /* make.sh */,
				32F79BBA235F818100489C53 /* Makefile */,
				32F79BB9235F818100489C53 /* NSObject+CD.h */,
				32F79BBC235F818100489C53 /* NSObject+CD.m */,
			);
			name = Breezy;
			sourceTree = "<group>";
		};
		32F79BD4235F819300489C53 /* provscience */ = {
			isa = PBXGroup;
			children = (
				32F79BD5235F819300489C53 /* .theos */,
				32F79BE8235F819300489C53 /* Makefile */,
				32F79BE9235F819300489C53 /* provscience.plist */,
				32F79BEA235F819300489C53 /* provscience.xcodeproj */,
				32F79BED235F819300489C53 /* Tweak.x */,
			);
			path = provscience;
			sourceTree = "<group>";
		};
		32F79BD5235F819300489C53 /* .theos */ = {
			isa = PBXGroup;
			children = (
				32F79BD6235F819300489C53 /* _ */,
				32F79BDC235F819300489C53 /* build_session */,
				32F79BDD235F819300489C53 /* obj */,
			);
			path = .theos;
			sourceTree = "<group>";
		};
		32F79BD6235F819300489C53 /* _ */ = {
			isa = PBXGroup;
			children = (
				32F79BD7235F819300489C53 /* Library */,
			);
			path = _;
			sourceTree = "<group>";
		};
		32F79BD7235F819300489C53 /* Library */ = {
			isa = PBXGroup;
			children = (
				32F79BD8235F819300489C53 /* MobileSubstrate */,
			);
			path = Library;
			sourceTree = "<group>";
		};
		32F79BD8235F819300489C53 /* MobileSubstrate */ = {
			isa = PBXGroup;
			children = (
				32F79BD9235F819300489C53 /* DynamicLibraries */,
			);
			path = MobileSubstrate;
			sourceTree = "<group>";
		};
		32F79BD9235F819300489C53 /* DynamicLibraries */ = {
			isa = PBXGroup;
			children = (
				32F79BDA235F819300489C53 /* provscience.dylib */,
				32F79BDB235F819300489C53 /* provscience.plist */,
			);
			path = DynamicLibraries;
			sourceTree = "<group>";
		};
		32F79BDD235F819300489C53 /* obj */ = {
			isa = PBXGroup;
			children = (
				32F79BDE235F819300489C53 /* appletv */,
			);
			path = obj;
			sourceTree = "<group>";
		};
		32F79BDE235F819300489C53 /* appletv */ = {
			isa = PBXGroup;
			children = (
				32F79BDF235F819300489C53 /* debug */,
			);
			path = appletv;
			sourceTree = "<group>";
		};
		32F79BDF235F819300489C53 /* debug */ = {
			isa = PBXGroup;
			children = (
				32F79BE0235F819300489C53 /* .stamp */,
				32F79BE1235F819300489C53 /* arm64 */,
				32F79BE7235F819300489C53 /* provscience.dylib */,
			);
			path = debug;
			sourceTree = "<group>";
		};
		32F79BE1235F819300489C53 /* arm64 */ = {
			isa = PBXGroup;
			children = (
				32F79BE2235F819300489C53 /* provscience.dylib */,
				32F79BE3235F819300489C53 /* provscience.dylib.dSYM */,
				32F79BE4235F819300489C53 /* Tweak.x.275ae93f.o */,
				32F79BE5235F819300489C53 /* Tweak.x.275ae93f.Td */,
				32F79BE6235F819300489C53 /* Tweak.x.m */,
			);
			path = arm64;
			sourceTree = "<group>";
		};
		32F79BEB235F819300489C53 /* Products */ = {
			isa = PBXGroup;
			children = (
			);
			name = Products;
			sourceTree = "<group>";
		};
		32F79BFB235F81A000489C53 /* vlcscience */ = {
			isa = PBXGroup;
			children = (
				32F79BFC235F81A000489C53 /* Makefile */,
				32F79BFD235F81A000489C53 /* VLC.x */,
				32F79BFE235F81A000489C53 /* vlcscience.plist */,
				32F79BFF235F81A000489C53 /* vlcscience.xcodeproj */,
			);
			path = vlcscience;
			sourceTree = "<group>";
		};
		32F79C00235F81A000489C53 /* Products */ = {
			isa = PBXGroup;
			children = (
			);
			name = Products;
			sourceTree = "<group>";
		};
		32F79C03235F81AE00489C53 /* SVProgressHUD */ = {
			isa = PBXGroup;
			children = (
				32F79C04235F81AE00489C53 /* SVIndefiniteAnimatedView.h */,
				32F79C05235F81AE00489C53 /* SVIndefiniteAnimatedView.m */,
				32F79C06235F81AE00489C53 /* SVProgressHUD.h */,
				32F79C07235F81AE00489C53 /* SVProgressHUD.m */,
				32F79C08235F81AE00489C53 /* SVRadialGradientLayer.h */,
				32F79C09235F81AE00489C53 /* SVRadialGradientLayer.m */,
			);
			path = SVProgressHUD;
			sourceTree = "<group>";
		};
/* End PBXGroup section */

/* Begin PBXNativeTarget section */
		32F79BA0235F80F600489C53 /* Breezy */ = {
			isa = PBXNativeTarget;
			buildConfigurationList = 32F79BB4235F80F900489C53 /* Build configuration list for PBXNativeTarget "Breezy" */;
			buildPhases = (
				32F79B9D235F80F600489C53 /* Sources */,
				32F79B9E235F80F600489C53 /* Frameworks */,
				32F79B9F235F80F600489C53 /* Resources */,
			);
			buildRules = (
			);
			dependencies = (
			);
			name = Breezy;
			productName = Breezy;
			productReference = 32F79BA1235F80F600489C53 /* Breezy.app */;
			productType = "com.apple.product-type.application";
		};
/* End PBXNativeTarget section */

/* Begin PBXProject section */
		32F79B99235F80F600489C53 /* Project object */ = {
			isa = PBXProject;
			attributes = {
				LastUpgradeCheck = 1010;
				ORGANIZATIONNAME = nito;
				TargetAttributes = {
					32F79BA0235F80F600489C53 = {
						CreatedOnToolsVersion = 10.1;
					};
				};
			};
			buildConfigurationList = 32F79B9C235F80F600489C53 /* Build configuration list for PBXProject "Breezy" */;
			compatibilityVersion = "Xcode 9.3";
			developmentRegion = en;
			hasScannedForEncodings = 0;
			knownRegions = (
				en,
				Base,
			);
			mainGroup = 32F79B98235F80F600489C53;
			productRefGroup = 32F79BA2235F80F600489C53 /* Products */;
			projectDirPath = "";
			projectReferences = (
				{
					ProductGroup = 32F79BEB235F819300489C53 /* Products */;
					ProjectRef = 32F79BEA235F819300489C53 /* provscience.xcodeproj */;
				},
				{
					ProductGroup = 32F79C00235F81A000489C53 /* Products */;
					ProjectRef = 32F79BFF235F81A000489C53 /* vlcscience.xcodeproj */;
				},
			);
			projectRoot = "";
			targets = (
				32F79BA0235F80F600489C53 /* Breezy */,
			);
		};
/* End PBXProject section */

/* Begin PBXResourcesBuildPhase section */
		32F79B9F235F80F600489C53 /* Resources */ = {
			isa = PBXResourcesBuildPhase;
			buildActionMask = 2147483647;
			files = (
				32F79BC2235F818100489C53 /* make.sh in Resources */,
				32F79BC5235F818100489C53 /* Breezy.plist in Resources */,
				326E1C8623C53FD10007D826 /* README.md in Resources */,
				32F79BC4235F818100489C53 /* Breezy.xm in Resources */,
			);
			runOnlyForDeploymentPostprocessing = 0;
		};
/* End PBXResourcesBuildPhase section */

/* Begin PBXSourcesBuildPhase section */
		32F79B9D235F80F600489C53 /* Sources */ = {
			isa = PBXSourcesBuildPhase;
			buildActionMask = 2147483647;
			files = (
				32F79BC1235F818100489C53 /* Makefile in Sources */,
				32F79C0C235F81AE00489C53 /* SVRadialGradientLayer.m in Sources */,
				32F79BC3235F818100489C53 /* NSObject+CD.m in Sources */,
				32F79C0B235F81AE00489C53 /* SVProgressHUD.m in Sources */,
				32F79BC0235F818100489C53 /* FindProcess.m in Sources */,
				326E1C9123C6D1610007D826 /* CTBlockDescription.m in Sources */,
				32F79C0A235F81AE00489C53 /* SVIndefiniteAnimatedView.m in Sources */,
			);
			runOnlyForDeploymentPostprocessing = 0;
		};
/* End PBXSourcesBuildPhase section */

/* Begin XCBuildConfiguration section */
		32F79BB2235F80F900489C53 /* Debug */ = {
			isa = XCBuildConfiguration;
			buildSettings = {
				ALWAYS_SEARCH_USER_PATHS = NO;
				CLANG_ANALYZER_NONNULL = YES;
				CLANG_ANALYZER_NUMBER_OBJECT_CONVERSION = YES_AGGRESSIVE;
				CLANG_CXX_LANGUAGE_STANDARD = "gnu++14";
				CLANG_CXX_LIBRARY = "libc++";
				CLANG_ENABLE_MODULES = YES;
				CLANG_ENABLE_OBJC_ARC = YES;
				CLANG_ENABLE_OBJC_WEAK = YES;
				CLANG_WARN_BLOCK_CAPTURE_AUTORELEASING = YES;
				CLANG_WARN_BOOL_CONVERSION = YES;
				CLANG_WARN_COMMA = YES;
				CLANG_WARN_CONSTANT_CONVERSION = YES;
				CLANG_WARN_DEPRECATED_OBJC_IMPLEMENTATIONS = YES;
				CLANG_WARN_DIRECT_OBJC_ISA_USAGE = YES_ERROR;
				CLANG_WARN_DOCUMENTATION_COMMENTS = YES;
				CLANG_WARN_EMPTY_BODY = YES;
				CLANG_WARN_ENUM_CONVERSION = YES;
				CLANG_WARN_INFINITE_RECURSION = YES;
				CLANG_WARN_INT_CONVERSION = YES;
				CLANG_WARN_NON_LITERAL_NULL_CONVERSION = YES;
				CLANG_WARN_OBJC_IMPLICIT_RETAIN_SELF = YES;
				CLANG_WARN_OBJC_LITERAL_CONVERSION = YES;
				CLANG_WARN_OBJC_ROOT_CLASS = YES_ERROR;
				CLANG_WARN_RANGE_LOOP_ANALYSIS = YES;
				CLANG_WARN_STRICT_PROTOTYPES = YES;
				CLANG_WARN_SUSPICIOUS_MOVE = YES;
				CLANG_WARN_UNGUARDED_AVAILABILITY = YES_AGGRESSIVE;
				CLANG_WARN_UNREACHABLE_CODE = YES;
				CLANG_WARN__DUPLICATE_METHOD_MATCH = YES;
				COPY_PHASE_STRIP = NO;
				DEBUG_INFORMATION_FORMAT = dwarf;
				ENABLE_STRICT_OBJC_MSGSEND = YES;
				ENABLE_TESTABILITY = YES;
				GCC_C_LANGUAGE_STANDARD = gnu11;
				GCC_DYNAMIC_NO_PIC = NO;
				GCC_NO_COMMON_BLOCKS = YES;
				GCC_OPTIMIZATION_LEVEL = 0;
				GCC_PREPROCESSOR_DEFINITIONS = (
					"DEBUG=1",
					"$(inherited)",
				);
				GCC_WARN_64_TO_32_BIT_CONVERSION = YES;
				GCC_WARN_ABOUT_RETURN_TYPE = YES_ERROR;
				GCC_WARN_UNDECLARED_SELECTOR = YES;
				GCC_WARN_UNINITIALIZED_AUTOS = YES_AGGRESSIVE;
				GCC_WARN_UNUSED_FUNCTION = YES;
				GCC_WARN_UNUSED_VARIABLE = YES;
				MTL_ENABLE_DEBUG_INFO = INCLUDE_SOURCE;
				MTL_FAST_MATH = YES;
				ONLY_ACTIVE_ARCH = YES;
				SDKROOT = appletvos;
				TVOS_DEPLOYMENT_TARGET = 12.1;
			};
			name = Debug;
		};
		32F79BB3235F80F900489C53 /* Release */ = {
			isa = XCBuildConfiguration;
			buildSettings = {
				ALWAYS_SEARCH_USER_PATHS = NO;
				CLANG_ANALYZER_NONNULL = YES;
				CLANG_ANALYZER_NUMBER_OBJECT_CONVERSION = YES_AGGRESSIVE;
				CLANG_CXX_LANGUAGE_STANDARD = "gnu++14";
				CLANG_CXX_LIBRARY = "libc++";
				CLANG_ENABLE_MODULES = YES;
				CLANG_ENABLE_OBJC_ARC = YES;
				CLANG_ENABLE_OBJC_WEAK = YES;
				CLANG_WARN_BLOCK_CAPTURE_AUTORELEASING = YES;
				CLANG_WARN_BOOL_CONVERSION = YES;
				CLANG_WARN_COMMA = YES;
				CLANG_WARN_CONSTANT_CONVERSION = YES;
				CLANG_WARN_DEPRECATED_OBJC_IMPLEMENTATIONS = YES;
				CLANG_WARN_DIRECT_OBJC_ISA_USAGE = YES_ERROR;
				CLANG_WARN_DOCUMENTATION_COMMENTS = YES;
				CLANG_WARN_EMPTY_BODY = YES;
				CLANG_WARN_ENUM_CONVERSION = YES;
				CLANG_WARN_INFINITE_RECURSION = YES;
				CLANG_WARN_INT_CONVERSION = YES;
				CLANG_WARN_NON_LITERAL_NULL_CONVERSION = YES;
				CLANG_WARN_OBJC_IMPLICIT_RETAIN_SELF = YES;
				CLANG_WARN_OBJC_LITERAL_CONVERSION = YES;
				CLANG_WARN_OBJC_ROOT_CLASS = YES_ERROR;
				CLANG_WARN_RANGE_LOOP_ANALYSIS = YES;
				CLANG_WARN_STRICT_PROTOTYPES = YES;
				CLANG_WARN_SUSPICIOUS_MOVE = YES;
				CLANG_WARN_UNGUARDED_AVAILABILITY = YES_AGGRESSIVE;
				CLANG_WARN_UNREACHABLE_CODE = YES;
				CLANG_WARN__DUPLICATE_METHOD_MATCH = YES;
				COPY_PHASE_STRIP = NO;
				DEBUG_INFORMATION_FORMAT = "dwarf-with-dsym";
				ENABLE_NS_ASSERTIONS = NO;
				ENABLE_STRICT_OBJC_MSGSEND = YES;
				GCC_C_LANGUAGE_STANDARD = gnu11;
				GCC_NO_COMMON_BLOCKS = YES;
				GCC_WARN_64_TO_32_BIT_CONVERSION = YES;
				GCC_WARN_ABOUT_RETURN_TYPE = YES_ERROR;
				GCC_WARN_UNDECLARED_SELECTOR = YES;
				GCC_WARN_UNINITIALIZED_AUTOS = YES_AGGRESSIVE;
				GCC_WARN_UNUSED_FUNCTION = YES;
				GCC_WARN_UNUSED_VARIABLE = YES;
				MTL_ENABLE_DEBUG_INFO = NO;
				MTL_FAST_MATH = YES;
				SDKROOT = appletvos;
				TVOS_DEPLOYMENT_TARGET = 12.1;
				VALIDATE_PRODUCT = YES;
			};
			name = Release;
		};
		32F79BB5235F80F900489C53 /* Debug */ = {
			isa = XCBuildConfiguration;
			buildSettings = {
				ASSETCATALOG_COMPILER_APPICON_NAME = "App Icon & Top Shelf Image";
				ASSETCATALOG_COMPILER_LAUNCHIMAGE_NAME = LaunchImage;
				CODE_SIGN_STYLE = Automatic;
				DEVELOPMENT_TEAM = 9EUFEA5U7G;
				INFOPLIST_FILE = Breezy/Info.plist;
				LD_RUNPATH_SEARCH_PATHS = (
					"$(inherited)",
					"@executable_path/Frameworks",
				);
				PRODUCT_BUNDLE_IDENTIFIER = com.nito.Breezy;
				PRODUCT_NAME = "$(TARGET_NAME)";
				TARGETED_DEVICE_FAMILY = 3;
			};
			name = Debug;
		};
		32F79BB6235F80F900489C53 /* Release */ = {
			isa = XCBuildConfiguration;
			buildSettings = {
				ASSETCATALOG_COMPILER_APPICON_NAME = "App Icon & Top Shelf Image";
				ASSETCATALOG_COMPILER_LAUNCHIMAGE_NAME = LaunchImage;
				CODE_SIGN_STYLE = Automatic;
				DEVELOPMENT_TEAM = 9EUFEA5U7G;
				INFOPLIST_FILE = Breezy/Info.plist;
				LD_RUNPATH_SEARCH_PATHS = (
					"$(inherited)",
					"@executable_path/Frameworks",
				);
				PRODUCT_BUNDLE_IDENTIFIER = com.nito.Breezy;
				PRODUCT_NAME = "$(TARGET_NAME)";
				TARGETED_DEVICE_FAMILY = 3;
			};
			name = Release;
		};
/* End XCBuildConfiguration section */

/* Begin XCConfigurationList section */
		32F79B9C235F80F600489C53 /* Build configuration list for PBXProject "Breezy" */ = {
			isa = XCConfigurationList;
			buildConfigurations = (
				32F79BB2235F80F900489C53 /* Debug */,
				32F79BB3235F80F900489C53 /* Release */,
			);
			defaultConfigurationIsVisible = 0;
			defaultConfigurationName = Release;
		};
		32F79BB4235F80F900489C53 /* Build configuration list for PBXNativeTarget "Breezy" */ = {
			isa = XCConfigurationList;
			buildConfigurations = (
				32F79BB5235F80F900489C53 /* Debug */,
				32F79BB6235F80F900489C53 /* Release */,
			);
			defaultConfigurationIsVisible = 0;
			defaultConfigurationName = Release;
		};
/* End XCConfigurationList section */
	};
	rootObject = 32F79B99235F80F600489C53 /* Project object */;
}
