// !$*UTF8*$!
{
	archiveVersion = 1;
	classes = {
	};
	objectVersion = 50;
	objects = {

/* Begin PBXFileReference section */
		32F79BF5235F819F00489C53 /* Makefile */ = {isa = PBXFileReference; lastKnownFileType = sourcecode.make; path = Makefile; sourceTree = "<group>"; };
		32F79BF6235F819F00489C53 /* VLC.x */ = {isa = PBXFileReference; lastKnownFileType = text; path = VLC.x; sourceTree = "<group>"; };
		32F79BF7235F819F00489C53 /* vlcscience.plist */ = {isa = PBXFileReference; lastKnownFileType = text.plist; path = vlcscience.plist; sourceTree = "<group>"; };
/* End PBXFileReference section */

/* Begin PBXGroup section */
		32F79BEF235F819F00489C53 = {
			isa = PBXGroup;
			children = (
				32F79BF5235F819F00489C53 /* Makefile */,
				32F79BF6235F819F00489C53 /* VLC.x */,
				32F79BF7235F819F00489C53 /* vlcscience.plist */,
			);
			sourceTree = "<group>";
		};
/* End PBXGroup section */

/* Begin PBXLegacyTarget section */
		32F79BF4235F819F00489C53 /* vlcscience */ = {
			isa = PBXLegacyTarget;
			buildArgumentsString = "$(ACTION)";
			buildConfigurationList = 32F79BF8235F819F00489C53 /* Build configuration list for PBXLegacyTarget "vlcscience" */;
			buildPhases = (
			);
			buildToolPath = /usr/bin/make;
			buildWorkingDirectory = /Users/kevinbradley/Projects/Breezy/vlcscience;
			dependencies = (
			);
			name = vlcscience;
			passBuildSettingsInEnvironment = 1;
			productName = vlcscience;
		};
/* End PBXLegacyTarget section */

/* Begin PBXProject section */
		32F79BF0235F819F00489C53 /* Project object */ = {
			isa = PBXProject;
			attributes = {
			};
			buildConfigurationList = 32F79BF3235F819F00489C53 /* Build configuration list for PBXProject "vlcscience" */;
			compatibilityVersion = "Xcode 9.3";
			developmentRegion = en;
			hasScannedForEncodings = 0;
			knownRegions = (
				en,
			);
			mainGroup = 32F79BEF235F819F00489C53;
			projectDirPath = "";
			projectRoot = "";
			targets = (
				32F79BF4235F819F00489C53 /* vlcscience */,
			);
		};
/* End PBXProject section */

/* Begin XCBuildConfiguration section */
		32F79BF1235F819F00489C53 /* Debug */ = {
			isa = XCBuildConfiguration;
			buildSettings = {
				ARCHS = "$(ARCHS_STANDARD_32_BIT)";
				COPY_PHASE_STRIP = NO;
				GCC_WARN_ABOUT_RETURN_TYPE = YES;
				GCC_WARN_UNUSED_VARIABLE = YES;
				ONLY_ACTIVE_ARCH = YES;
				SDKROOT = macosx10.6;
			};
			name = Debug;
		};
		32F79BF2235F819F00489C53 /* Release */ = {
			isa = XCBuildConfiguration;
			buildSettings = {
				ARCHS = "$(ARCHS_STANDARD_32_BIT)";
				COPY_PHASE_STRIP = YES;
				GCC_WARN_ABOUT_RETURN_TYPE = YES;
				GCC_WARN_UNUSED_VARIABLE = YES;
				SDKROOT = macosx10.6;
			};
			name = Release;
		};
		32F79BF9235F819F00489C53 /* Debug */ = {
			isa = XCBuildConfiguration;
			buildSettings = {
				COPY_PHASE_STRIP = NO;
				DEBUGGING_SYMBOLS = YES;
				GCC_DYNAMIC_NO_PIC = NO;
				GCC_ENABLE_FIX_AND_CONTINUE = YES;
				GCC_GENERATE_DEBUGGING_SYMBOLS = YES;
				GCC_OPTIMIZATION_LEVEL = 0;
				OTHER_CFLAGS = "";
				OTHER_LDFLAGS = "";
				PRODUCT_NAME = vlcscience;
			};
			name = Debug;
		};
		32F79BFA235F819F00489C53 /* Release */ = {
			isa = XCBuildConfiguration;
			buildSettings = {
				COPY_PHASE_STRIP = YES;
				DEBUG_INFORMATION_FORMAT = "dwarf-with-dsym";
				GCC_ENABLE_FIX_AND_CONTINUE = NO;
				OTHER_CFLAGS = "";
				OTHER_LDFLAGS = "";
				PRODUCT_NAME = vlcscience;
			};
			name = Release;
		};
/* End XCBuildConfiguration section */

/* Begin XCConfigurationList section */
		32F79BF3235F819F00489C53 /* Build configuration list for PBXProject "vlcscience" */ = {
			isa = XCConfigurationList;
			buildConfigurations = (
				32F79BF1235F819F00489C53 /* Debug */,
				32F79BF2235F819F00489C53 /* Release */,
			);
			defaultConfigurationIsVisible = 0;
			defaultConfigurationName = Release;
		};
		32F79BF8235F819F00489C53 /* Build configuration list for PBXLegacyTarget "vlcscience" */ = {
			isa = XCConfigurationList;
			buildConfigurations = (
				32F79BF9235F819F00489C53 /* Debug */,
				32F79BFA235F819F00489C53 /* Release */,
			);
			defaultConfigurationIsVisible = 0;
			defaultConfigurationName = Release;
		};
/* End XCConfigurationList section */
	};
	rootObject = 32F79BF0235F819F00489C53 /* Project object */;
}
